// !$*UTF8*$!
{
	archiveVersion = 1;
	classes = {
	};
	objectVersion = 77;
	objects = {

/* Begin PBXBuildFile section */
		01873EF58507F0DB8D94A2A2 /* PlayView.swift in Sources */ = {isa = PBXBuildFile; fileRef = 3C3035E561DC9984E037751C /* PlayView.swift */; };
		091F8784B5D47CFD06508B27 /* ChessEngine.swift in Sources */ = {isa = PBXBuildFile; fileRef = 86886C61EAFB7C0B04C5E8C8 /* ChessEngine.swift */; };
		0D6DE5780EAF887F17B37E53 /* LLMService.swift in Sources */ = {isa = PBXBuildFile; fileRef = A6088348CF9E9FD33BC01B7B /* LLMService.swift */; };
		11C8BA37411EC9D8235F56D0 /* PuzzleEngine.swift in Sources */ = {isa = PBXBuildFile; fileRef = 7141A78081CF3F8C1072F802 /* PuzzleEngine.swift */; };
		1A1326310924DDD3F42C1AF1 /* SQLite in Frameworks */ = {isa = PBXBuildFile; productRef = F6BDEF6A43BECEF8B3AF073D /* SQLite */; };
		1ADEC01388A95D8DBAF78A84 /* CoachEngine.swift in Sources */ = {isa = PBXBuildFile; fileRef = 90AFFED25F5AC0E733EBC27B /* CoachEngine.swift */; };
		1EFD353A8770B1D70B70ED6B /* EnginePanelView.swift in Sources */ = {isa = PBXBuildFile; fileRef = D785ED667342AAB65EAD004E /* EnginePanelView.swift */; };
		1F47608CF885EE01A481648B /* DatabaseManager.swift in Sources */ = {isa = PBXBuildFile; fileRef = FDACC3730AE7325360BE41DA /* DatabaseManager.swift */; };
		20CB8840A5C707F04DB16BB4 /* ChessCoachCoach.framework in Frameworks */ = {isa = PBXBuildFile; fileRef = 53B23FDEB110A87C0736FF9D /* ChessCoachCoach.framework */; };
		23D92E33294BFE6274453863 /* ChessCoachEngine.framework in Embed Frameworks */ = {isa = PBXBuildFile; fileRef = A87A8391C732B7A492A6E8FF /* ChessCoachEngine.framework */; settings = {ATTRIBUTES = (CodeSignOnCopy, RemoveHeadersOnCopy, ); }; };
		25DAEDFA5AAE3E9AB1D9538D /* SwiftLlamaAdapter.swift in Sources */ = {isa = PBXBuildFile; fileRef = E4DD98A3E98C8A624C13F28E /* SwiftLlamaAdapter.swift */; };
		2813FCA2341CE2F155E916CB /* ProgressViewModel.swift in Sources */ = {isa = PBXBuildFile; fileRef = 4560A53EE109A108AA642EFB /* ProgressViewModel.swift */; };
		294EB8FF7C0DEB84C3877083 /* EngineLine.swift in Sources */ = {isa = PBXBuildFile; fileRef = D9D6957549329BADF4D33772 /* EngineLine.swift */; };
		2B98CDAA2257C8CB37C8310B /* Theme.swift in Sources */ = {isa = PBXBuildFile; fileRef = 108C2B882209B81670076696 /* Theme.swift */; };
		2DA174DAD39DC8B3AB15543E /* CoachManager.swift in Sources */ = {isa = PBXBuildFile; fileRef = 5D312F89AAFB585BC74506B7 /* CoachManager.swift */; };
		304A822D99E02DD01EE07E59 /* ChessCoachEngine.framework in Frameworks */ = {isa = PBXBuildFile; fileRef = A87A8391C732B7A492A6E8FF /* ChessCoachEngine.framework */; };
		31A912084662392C71452778 /* UCIParser.swift in Sources */ = {isa = PBXBuildFile; fileRef = ECD3401035E0B54A578DCBA2 /* UCIParser.swift */; };
		32323CED7552F0A7139FC1CE /* Lc0Adapter.swift in Sources */ = {isa = PBXBuildFile; fileRef = 46CDA22479BE12A37BD905BC /* Lc0Adapter.swift */; };
		3444DDB283BF7D77E0C90205 /* EvaluationBar.swift in Sources */ = {isa = PBXBuildFile; fileRef = 6310C324F8A783AFB0AA86F9 /* EvaluationBar.swift */; };
		379060F397FB4A1C482BA19A /* LocalInferenceConfig.swift in Sources */ = {isa = PBXBuildFile; fileRef = 7A8E6A677221BCDC57ABBD03 /* LocalInferenceConfig.swift */; };
		3C83A8765D6B19C0592006D5 /* Piece.swift in Sources */ = {isa = PBXBuildFile; fileRef = D1038220AFC4BEDAC6DE0180 /* Piece.swift */; };
		3DBFD7E82550BBFEC4DE2B2E /* PieceTests.swift in Sources */ = {isa = PBXBuildFile; fileRef = C6DD7376A25B0F1A12A9B3AF /* PieceTests.swift */; };
		4173ED4C8BA070C3E1A2DA5C /* LLMCoachEngine.swift in Sources */ = {isa = PBXBuildFile; fileRef = 91B41DB794B1A5D444469ABA /* LLMCoachEngine.swift */; };
		4192B80C68532B04D198E08C /* ChessCoachCoach.framework in Frameworks */ = {isa = PBXBuildFile; fileRef = 53B23FDEB110A87C0736FF9D /* ChessCoachCoach.framework */; };
		48EE2BE4D3DFAD7D22F17605 /* ChessCoachCoach.framework in Embed Frameworks */ = {isa = PBXBuildFile; fileRef = 53B23FDEB110A87C0736FF9D /* ChessCoachCoach.framework */; settings = {ATTRIBUTES = (CodeSignOnCopy, RemoveHeadersOnCopy, ); }; };
		4D019F540504FBBABC4C2D6B /* AppViewModelTests.swift in Sources */ = {isa = PBXBuildFile; fileRef = B30C36372C79B8BBEA5F617D /* AppViewModelTests.swift */; };
		4DAED6FBF46F83565DB9C2C9 /* StockfishAdapter.swift in Sources */ = {isa = PBXBuildFile; fileRef = 817C90211F9AAF28CE2582B0 /* StockfishAdapter.swift */; };
		4E79CF75D06994EEDA9A0FA3 /* CoachInfrastructureTests.swift in Sources */ = {isa = PBXBuildFile; fileRef = 056366A34E312C5A8B86FEDB /* CoachInfrastructureTests.swift */; };
		52F473EE6CEAE29B2F89639A /* LearnViewModel.swift in Sources */ = {isa = PBXBuildFile; fileRef = 2AA4B3D6CDC5E79B2DB23F99 /* LearnViewModel.swift */; };
		570CDA6F2A735B12EBC663FE /* stockfish.wasm in Resources */ = {isa = PBXBuildFile; fileRef = D31AEB5C48B7E7F2A09EACDD /* stockfish.wasm */; };
		5DA8F014D33867979D5F9CB8 /* ChessCoachEngine.framework in Embed Frameworks */ = {isa = PBXBuildFile; fileRef = A87A8391C732B7A492A6E8FF /* ChessCoachEngine.framework */; settings = {ATTRIBUTES = (CodeSignOnCopy, RemoveHeadersOnCopy, ); }; };
		60C53C0A0BB8A250F11785B2 /* PlayViewModel.swift in Sources */ = {isa = PBXBuildFile; fileRef = 413E1E29EE92BABCFA6744AF /* PlayViewModel.swift */; };
		63426CB53ABB740E7F62386A /* ChessCoachEngine.framework in Frameworks */ = {isa = PBXBuildFile; fileRef = A87A8391C732B7A492A6E8FF /* ChessCoachEngine.framework */; };
		6713F531F894DB3E9D5F7DBD /* ChessCoachShared.framework in Embed Frameworks */ = {isa = PBXBuildFile; fileRef = 1D726CC8D2430AA02152AD62 /* ChessCoachShared.framework */; settings = {ATTRIBUTES = (CodeSignOnCopy, RemoveHeadersOnCopy, ); }; };
		677558C703CE07196CEB2F0E /* StockfishLoader.html in Resources */ = {isa = PBXBuildFile; fileRef = E5B7392DACDB7E74A52D4829 /* StockfishLoader.html */; };
		69B20FCD5A498FD42773AEFC /* LessonLibrary.swift in Sources */ = {isa = PBXBuildFile; fileRef = 3C8EC63D6A1B6DA6BD98185E /* LessonLibrary.swift */; };
		6C7B3A7BDC0979541A41C5C6 /* OpeningBookTests.swift in Sources */ = {isa = PBXBuildFile; fileRef = 5CBAC677FF69C9EC8B938795 /* OpeningBookTests.swift */; };
		6CC7CE2853B579EAAD6484A4 /* Move.swift in Sources */ = {isa = PBXBuildFile; fileRef = BDF798A042DC104101468FDB /* Move.swift */; };
		72912E2EF7C46BED181DD70B /* ChessBoardView.swift in Sources */ = {isa = PBXBuildFile; fileRef = 1429CE764FDA01154525A997 /* ChessBoardView.swift */; };
		761889E722DC286EBFB36B22 /* stockfish.js in Resources */ = {isa = PBXBuildFile; fileRef = F14A0DB4A7C0F82ABDEDEF41 /* stockfish.js */; };
		7A79620831D5A599C8A20608 /* SquareTests.swift in Sources */ = {isa = PBXBuildFile; fileRef = 24A5FCBC63676A52DA38338C /* SquareTests.swift */; };
		7CD8D15DD9732F4521CE4A2C /* ProgressView.swift in Sources */ = {isa = PBXBuildFile; fileRef = BFDEDCF9D866C18A00D254A1 /* ProgressView.swift */; };
		7FFBB587194050AA9E753A95 /* ContentLoaderTests.swift in Sources */ = {isa = PBXBuildFile; fileRef = A15D3574F6CC0AFB237C97BF /* ContentLoaderTests.swift */; };
		85A298B831CCAADF6B90675D /* MoveTests.swift in Sources */ = {isa = PBXBuildFile; fileRef = 3D2CE4FBB6A4E6E272074909 /* MoveTests.swift */; };
		8F031C9A043BC59DE41DD2A8 /* Square.swift in Sources */ = {isa = PBXBuildFile; fileRef = 7EE497B52C584992BA8FA4D3 /* Square.swift */; };
		92C2B91D06BFDAB549609A86 /* CoachEngineTests.swift in Sources */ = {isa = PBXBuildFile; fileRef = D0F0870853AC6D14CCD8FB73 /* CoachEngineTests.swift */; };
		95D90B98E105E993E76F43E8 /* stockfish.wasm.js in Resources */ = {isa = PBXBuildFile; fileRef = 3EBCC9A41A4DE3AB5272ADD9 /* stockfish.wasm.js */; };
		A219EB1BAC6351BBCA7A09E8 /* Badges.swift in Sources */ = {isa = PBXBuildFile; fileRef = 692740E0A12666EAB133B8D7 /* Badges.swift */; };
		A28EE93839577DA38DA800E7 /* SQLite in Frameworks */ = {isa = PBXBuildFile; productRef = 04E0468034F5EEF4EF7E9A47 /* SQLite */; };
		A658710BEB1663CDC17FFCA7 /* ContentView.swift in Sources */ = {isa = PBXBuildFile; fileRef = CD31710702840A956FACA611 /* ContentView.swift */; };
		A6C8FF9A626274AA8DF9FF43 /* ChessCoachEngine.framework in Frameworks */ = {isa = PBXBuildFile; fileRef = A87A8391C732B7A492A6E8FF /* ChessCoachEngine.framework */; };
		A9D4CE316DC3F01FD04B5E57 /* ChessCoachApp.swift in Sources */ = {isa = PBXBuildFile; fileRef = D72C0FBE6FBCD79D211F1D7C /* ChessCoachApp.swift */; };
		AD7672CF58B4DCFC21391F4F /* OpeningBook.swift in Sources */ = {isa = PBXBuildFile; fileRef = 0938C823F22C246226233B92 /* OpeningBook.swift */; };
		AF0BD32AFB447FFA159CCB4C /* CoachView.swift in Sources */ = {isa = PBXBuildFile; fileRef = 514E019DDA37BE1EEAB6A6B4 /* CoachView.swift */; };
		AF47A7CE5B1B38BCC744B537 /* Assets.xcassets in Resources */ = {isa = PBXBuildFile; fileRef = F834BE376D2740E5D8B41888 /* Assets.xcassets */; };
		B2FDEBCA859B44067ABF0F89 /* SwiftLlama in Frameworks */ = {isa = PBXBuildFile; productRef = 76B8912AD39CE7A5CCF48E3C /* SwiftLlama */; };
		B54AC2C6EA1FF3D11E00CB6E /* ProgressTracker.swift in Sources */ = {isa = PBXBuildFile; fileRef = A1EB255DC2E984F11DCCE107 /* ProgressTracker.swift */; };
		BB39ACAC6AF8102D4F708B35 /* Models in Resources */ = {isa = PBXBuildFile; fileRef = EFBF01B69A01829087EA76BD /* Models */; };
		C0DC6EB90F16894048AAB100 /* PuzzlesView.swift in Sources */ = {isa = PBXBuildFile; fileRef = 6C6AEA92C4EA9147B78E34C4 /* PuzzlesView.swift */; };
		CA0E0763D1CEC51FA872F64C /* SQLite in Frameworks */ = {isa = PBXBuildFile; productRef = CA64224D6433A300221DD88F /* SQLite */; };
		CAF15441ACEF04FEEA8ACCF8 /* PuzzleViewModel.swift in Sources */ = {isa = PBXBuildFile; fileRef = DD2909EAFC5A311AA765A3EA /* PuzzleViewModel.swift */; };
		CAF3C1C529A643EB693FFB5A /* ChessCoachShared.framework in Frameworks */ = {isa = PBXBuildFile; fileRef = 1D726CC8D2430AA02152AD62 /* ChessCoachShared.framework */; };
		CB6804B718F04BC554F7DD91 /* ChessCoachShared.framework in Frameworks */ = {isa = PBXBuildFile; fileRef = 1D726CC8D2430AA02152AD62 /* ChessCoachShared.framework */; };
		CBA60800BAEF59E5818709EC /* PositionTests.swift in Sources */ = {isa = PBXBuildFile; fileRef = 822F4F70AA0108FB9B2B1B5E /* PositionTests.swift */; };
		D2DC1FF3F33DFE67798B9AD5 /* EngineLineTests.swift in Sources */ = {isa = PBXBuildFile; fileRef = 49E496E3EA75CF9190753BA4 /* EngineLineTests.swift */; };
		D32B8BD8D87364B8A2351828 /* LearnView.swift in Sources */ = {isa = PBXBuildFile; fileRef = E5AA508611DE7C1489147A17 /* LearnView.swift */; };
		D70A277359D05CD8E2ABEABF /* ContentLoader.swift in Sources */ = {isa = PBXBuildFile; fileRef = 29FCECDBA57F2C89C1EE6A98 /* ContentLoader.swift */; };
		D7524EF21F9B26EA830754A3 /* InfrastructureTests.swift in Sources */ = {isa = PBXBuildFile; fileRef = B8690C765E633CB2F81FFCBE /* InfrastructureTests.swift */; };
		D9749DE504C074FC85C2DA1B /* PuzzleEngineTests.swift in Sources */ = {isa = PBXBuildFile; fileRef = 70FF1577C4FF0D22B9FD73CA /* PuzzleEngineTests.swift */; };
		DC2BBDBED713DFDC9BCF5356 /* ChessCoachShared.framework in Embed Frameworks */ = {isa = PBXBuildFile; fileRef = 1D726CC8D2430AA02152AD62 /* ChessCoachShared.framework */; settings = {ATTRIBUTES = (CodeSignOnCopy, RemoveHeadersOnCopy, ); }; };
		DF5BDC640FA15C21B251EB8E /* ModelDownloadService.swift in Sources */ = {isa = PBXBuildFile; fileRef = CB077614566820ADE2D19280 /* ModelDownloadService.swift */; };
		E0FDB0F71DF8A9EAF9624D30 /* LessonDetailView.swift in Sources */ = {isa = PBXBuildFile; fileRef = D38DCCCC341931FC44BC1BD9 /* LessonDetailView.swift */; };
		EDF564824667C0396D749F8F /* UCIParserTests.swift in Sources */ = {isa = PBXBuildFile; fileRef = ED25F71CBB05C2D7C581C892 /* UCIParserTests.swift */; };
		EE80157B17B5CD87EAD4A327 /* Position.swift in Sources */ = {isa = PBXBuildFile; fileRef = BF1A3D753A5E71CAA4F56A0F /* Position.swift */; };
		F3FEDAA1F9C38D516C97A46F /* ChessCoachShared.framework in Frameworks */ = {isa = PBXBuildFile; fileRef = 1D726CC8D2430AA02152AD62 /* ChessCoachShared.framework */; };
		F4CED1AFCF2B35A3E051AE62 /* ChessCoachShared.framework in Frameworks */ = {isa = PBXBuildFile; fileRef = 1D726CC8D2430AA02152AD62 /* ChessCoachShared.framework */; };
		F8154BC6890B28520867CFC3 /* ChessCoachCoach.framework in Embed Frameworks */ = {isa = PBXBuildFile; fileRef = 53B23FDEB110A87C0736FF9D /* ChessCoachCoach.framework */; settings = {ATTRIBUTES = (CodeSignOnCopy, RemoveHeadersOnCopy, ); }; };
		FDFF1547FB9DF45CB24F5978 /* EngineInfrastructureTests.swift in Sources */ = {isa = PBXBuildFile; fileRef = D7480124179325FD6FA94F48 /* EngineInfrastructureTests.swift */; };
/* End PBXBuildFile section */

/* Begin PBXContainerItemProxy section */
		02799830E2A7CB0C2F687D8F /* PBXContainerItemProxy */ = {
			isa = PBXContainerItemProxy;
			containerPortal = 124564DE0AA899BA2835163C /* Project object */;
			proxyType = 1;
			remoteGlobalIDString = 7C2C15DDF52CF086580BBC96;
			remoteInfo = ChessCoachEngine;
		};
		41F317D9806B3A5FF908EB10 /* PBXContainerItemProxy */ = {
			isa = PBXContainerItemProxy;
			containerPortal = 124564DE0AA899BA2835163C /* Project object */;
			proxyType = 1;
			remoteGlobalIDString = A7608D49E465315B0EF281A0;
			remoteInfo = ChessCoachApp;
		};
		70154CABA02E3368F4CD9F1A /* PBXContainerItemProxy */ = {
			isa = PBXContainerItemProxy;
			containerPortal = 124564DE0AA899BA2835163C /* Project object */;
			proxyType = 1;
			remoteGlobalIDString = 3A33EDEB511ACCE289320512;
			remoteInfo = ChessCoachShared;
		};
		8C5D6D42867B70DC96A89818 /* PBXContainerItemProxy */ = {
			isa = PBXContainerItemProxy;
			containerPortal = 124564DE0AA899BA2835163C /* Project object */;
			proxyType = 1;
			remoteGlobalIDString = 3A33EDEB511ACCE289320512;
			remoteInfo = ChessCoachShared;
		};
		CEE06BF00F88C9376A776EC5 /* PBXContainerItemProxy */ = {
			isa = PBXContainerItemProxy;
			containerPortal = 124564DE0AA899BA2835163C /* Project object */;
			proxyType = 1;
			remoteGlobalIDString = 7C2C15DDF52CF086580BBC96;
			remoteInfo = ChessCoachEngine;
		};
		D41CF0B3211328FA960561DC /* PBXContainerItemProxy */ = {
			isa = PBXContainerItemProxy;
			containerPortal = 124564DE0AA899BA2835163C /* Project object */;
			proxyType = 1;
			remoteGlobalIDString = F67D1867731DB46A55D59B89;
			remoteInfo = ChessCoachCoach;
		};
		E6D000C187C82DF084E1BC83 /* PBXContainerItemProxy */ = {
			isa = PBXContainerItemProxy;
			containerPortal = 124564DE0AA899BA2835163C /* Project object */;
			proxyType = 1;
			remoteGlobalIDString = 3A33EDEB511ACCE289320512;
			remoteInfo = ChessCoachShared;
		};
		F554678DFF9E9493DBFF1CC5 /* PBXContainerItemProxy */ = {
			isa = PBXContainerItemProxy;
			containerPortal = 124564DE0AA899BA2835163C /* Project object */;
			proxyType = 1;
			remoteGlobalIDString = 7C2C15DDF52CF086580BBC96;
			remoteInfo = ChessCoachEngine;
		};
		F618264AA6E676B571F8C3D9 /* PBXContainerItemProxy */ = {
			isa = PBXContainerItemProxy;
			containerPortal = 124564DE0AA899BA2835163C /* Project object */;
			proxyType = 1;
			remoteGlobalIDString = F67D1867731DB46A55D59B89;
			remoteInfo = ChessCoachCoach;
		};
		F91B6BB8D8BCCBA8E2BA9FE7 /* PBXContainerItemProxy */ = {
			isa = PBXContainerItemProxy;
			containerPortal = 124564DE0AA899BA2835163C /* Project object */;
			proxyType = 1;
			remoteGlobalIDString = 3A33EDEB511ACCE289320512;
			remoteInfo = ChessCoachShared;
		};
/* End PBXContainerItemProxy section */

/* Begin PBXCopyFilesBuildPhase section */
		1924D20832209F7EFF8B2C6E /* Embed Frameworks */ = {
			isa = PBXCopyFilesBuildPhase;
			buildActionMask = 2147483647;
			dstPath = "";
			dstSubfolderSpec = 10;
			files = (
				F8154BC6890B28520867CFC3 /* ChessCoachCoach.framework in Embed Frameworks */,
			);
			name = "Embed Frameworks";
			runOnlyForDeploymentPostprocessing = 0;
		};
		818F2DE9699BC7CD9343A2D2 /* Embed Frameworks */ = {
			isa = PBXCopyFilesBuildPhase;
			buildActionMask = 2147483647;
			dstPath = "";
			dstSubfolderSpec = 10;
			files = (
				DC2BBDBED713DFDC9BCF5356 /* ChessCoachShared.framework in Embed Frameworks */,
			);
			name = "Embed Frameworks";
			runOnlyForDeploymentPostprocessing = 0;
		};
		B980D37CB7EC44D31FC8019E /* Embed Frameworks */ = {
			isa = PBXCopyFilesBuildPhase;
			buildActionMask = 2147483647;
			dstPath = "";
			dstSubfolderSpec = 10;
			files = (
				6713F531F894DB3E9D5F7DBD /* ChessCoachShared.framework in Embed Frameworks */,
				23D92E33294BFE6274453863 /* ChessCoachEngine.framework in Embed Frameworks */,
				48EE2BE4D3DFAD7D22F17605 /* ChessCoachCoach.framework in Embed Frameworks */,
			);
			name = "Embed Frameworks";
			runOnlyForDeploymentPostprocessing = 0;
		};
		C35A9E21370A5AD734BB6B77 /* Embed Frameworks */ = {
			isa = PBXCopyFilesBuildPhase;
			buildActionMask = 2147483647;
			dstPath = "";
			dstSubfolderSpec = 10;
			files = (
				5DA8F014D33867979D5F9CB8 /* ChessCoachEngine.framework in Embed Frameworks */,
			);
			name = "Embed Frameworks";
			runOnlyForDeploymentPostprocessing = 0;
		};
/* End PBXCopyFilesBuildPhase section */

/* Begin PBXFileReference section */
		056366A34E312C5A8B86FEDB /* CoachInfrastructureTests.swift */ = {isa = PBXFileReference; lastKnownFileType = sourcecode.swift; path = CoachInfrastructureTests.swift; sourceTree = "<group>"; };
		0938C823F22C246226233B92 /* OpeningBook.swift */ = {isa = PBXFileReference; lastKnownFileType = sourcecode.swift; path = OpeningBook.swift; sourceTree = "<group>"; };
		108C2B882209B81670076696 /* Theme.swift */ = {isa = PBXFileReference; lastKnownFileType = sourcecode.swift; path = Theme.swift; sourceTree = "<group>"; };
		1429CE764FDA01154525A997 /* ChessBoardView.swift */ = {isa = PBXFileReference; lastKnownFileType = sourcecode.swift; path = ChessBoardView.swift; sourceTree = "<group>"; };
		1852D588A5BBD052473B79F6 /* Info.plist */ = {isa = PBXFileReference; lastKnownFileType = text.plist; path = Info.plist; sourceTree = "<group>"; };
		1D726CC8D2430AA02152AD62 /* ChessCoachShared.framework */ = {isa = PBXFileReference; explicitFileType = wrapper.framework; includeInIndex = 0; path = ChessCoachShared.framework; sourceTree = BUILT_PRODUCTS_DIR; };
		24A5FCBC63676A52DA38338C /* SquareTests.swift */ = {isa = PBXFileReference; lastKnownFileType = sourcecode.swift; path = SquareTests.swift; sourceTree = "<group>"; };
		29FCECDBA57F2C89C1EE6A98 /* ContentLoader.swift */ = {isa = PBXFileReference; lastKnownFileType = sourcecode.swift; path = ContentLoader.swift; sourceTree = "<group>"; };
		2AA4B3D6CDC5E79B2DB23F99 /* LearnViewModel.swift */ = {isa = PBXFileReference; lastKnownFileType = sourcecode.swift; path = LearnViewModel.swift; sourceTree = "<group>"; };
		37891DB26DFBF4F34BD25F98 /* Info.plist */ = {isa = PBXFileReference; lastKnownFileType = text.plist; path = Info.plist; sourceTree = "<group>"; };
		3C3035E561DC9984E037751C /* PlayView.swift */ = {isa = PBXFileReference; lastKnownFileType = sourcecode.swift; path = PlayView.swift; sourceTree = "<group>"; };
		3C8EC63D6A1B6DA6BD98185E /* LessonLibrary.swift */ = {isa = PBXFileReference; lastKnownFileType = sourcecode.swift; path = LessonLibrary.swift; sourceTree = "<group>"; };
		3D2CE4FBB6A4E6E272074909 /* MoveTests.swift */ = {isa = PBXFileReference; lastKnownFileType = sourcecode.swift; path = MoveTests.swift; sourceTree = "<group>"; };
		3EBCC9A41A4DE3AB5272ADD9 /* stockfish.wasm.js */ = {isa = PBXFileReference; lastKnownFileType = sourcecode.javascript; path = stockfish.wasm.js; sourceTree = "<group>"; };
		413E1E29EE92BABCFA6744AF /* PlayViewModel.swift */ = {isa = PBXFileReference; lastKnownFileType = sourcecode.swift; path = PlayViewModel.swift; sourceTree = "<group>"; };
		4560A53EE109A108AA642EFB /* ProgressViewModel.swift */ = {isa = PBXFileReference; lastKnownFileType = sourcecode.swift; path = ProgressViewModel.swift; sourceTree = "<group>"; };
		46CDA22479BE12A37BD905BC /* Lc0Adapter.swift */ = {isa = PBXFileReference; lastKnownFileType = sourcecode.swift; path = Lc0Adapter.swift; sourceTree = "<group>"; };
		49E496E3EA75CF9190753BA4 /* EngineLineTests.swift */ = {isa = PBXFileReference; lastKnownFileType = sourcecode.swift; path = EngineLineTests.swift; sourceTree = "<group>"; };
		514E019DDA37BE1EEAB6A6B4 /* CoachView.swift */ = {isa = PBXFileReference; lastKnownFileType = sourcecode.swift; path = CoachView.swift; sourceTree = "<group>"; };
		5261570A8C3D37B349213208 /* Info.plist */ = {isa = PBXFileReference; lastKnownFileType = text.plist; path = Info.plist; sourceTree = "<group>"; };
		53B23FDEB110A87C0736FF9D /* ChessCoachCoach.framework */ = {isa = PBXFileReference; explicitFileType = wrapper.framework; includeInIndex = 0; path = ChessCoachCoach.framework; sourceTree = BUILT_PRODUCTS_DIR; };
		5CBAC677FF69C9EC8B938795 /* OpeningBookTests.swift */ = {isa = PBXFileReference; lastKnownFileType = sourcecode.swift; path = OpeningBookTests.swift; sourceTree = "<group>"; };
		5D312F89AAFB585BC74506B7 /* CoachManager.swift */ = {isa = PBXFileReference; lastKnownFileType = sourcecode.swift; path = CoachManager.swift; sourceTree = "<group>"; };
		6310C324F8A783AFB0AA86F9 /* EvaluationBar.swift */ = {isa = PBXFileReference; lastKnownFileType = sourcecode.swift; path = EvaluationBar.swift; sourceTree = "<group>"; };
		692740E0A12666EAB133B8D7 /* Badges.swift */ = {isa = PBXFileReference; lastKnownFileType = sourcecode.swift; path = Badges.swift; sourceTree = "<group>"; };
		6C6AEA92C4EA9147B78E34C4 /* PuzzlesView.swift */ = {isa = PBXFileReference; lastKnownFileType = sourcecode.swift; path = PuzzlesView.swift; sourceTree = "<group>"; };
		70FF1577C4FF0D22B9FD73CA /* PuzzleEngineTests.swift */ = {isa = PBXFileReference; lastKnownFileType = sourcecode.swift; path = PuzzleEngineTests.swift; sourceTree = "<group>"; };
		7141A78081CF3F8C1072F802 /* PuzzleEngine.swift */ = {isa = PBXFileReference; lastKnownFileType = sourcecode.swift; path = PuzzleEngine.swift; sourceTree = "<group>"; };
		77CA69F06CBEB0BCEE3AF487 /* ChessCoachAppTests.xctest */ = {isa = PBXFileReference; includeInIndex = 0; lastKnownFileType = wrapper.cfbundle; path = ChessCoachAppTests.xctest; sourceTree = BUILT_PRODUCTS_DIR; };
		7A8E6A677221BCDC57ABBD03 /* LocalInferenceConfig.swift */ = {isa = PBXFileReference; lastKnownFileType = sourcecode.swift; path = LocalInferenceConfig.swift; sourceTree = "<group>"; };
		7A9893A96AE3631AADB9F9DC /* ChessCoachEngineTests.xctest */ = {isa = PBXFileReference; includeInIndex = 0; lastKnownFileType = wrapper.cfbundle; path = ChessCoachEngineTests.xctest; sourceTree = BUILT_PRODUCTS_DIR; };
		7EE497B52C584992BA8FA4D3 /* Square.swift */ = {isa = PBXFileReference; lastKnownFileType = sourcecode.swift; path = Square.swift; sourceTree = "<group>"; };
		8011809182156E4DFB3EB64F /* Info.plist */ = {isa = PBXFileReference; lastKnownFileType = text.plist; path = Info.plist; sourceTree = "<group>"; };
		817C90211F9AAF28CE2582B0 /* StockfishAdapter.swift */ = {isa = PBXFileReference; lastKnownFileType = sourcecode.swift; path = StockfishAdapter.swift; sourceTree = "<group>"; };
		822F4F70AA0108FB9B2B1B5E /* PositionTests.swift */ = {isa = PBXFileReference; lastKnownFileType = sourcecode.swift; path = PositionTests.swift; sourceTree = "<group>"; };
		86886C61EAFB7C0B04C5E8C8 /* ChessEngine.swift */ = {isa = PBXFileReference; lastKnownFileType = sourcecode.swift; path = ChessEngine.swift; sourceTree = "<group>"; };
		890B0BCD55FBEE5544AE7D49 /* Info.plist */ = {isa = PBXFileReference; lastKnownFileType = text.plist; path = Info.plist; sourceTree = "<group>"; };
		90AFFED25F5AC0E733EBC27B /* CoachEngine.swift */ = {isa = PBXFileReference; lastKnownFileType = sourcecode.swift; path = CoachEngine.swift; sourceTree = "<group>"; };
		91B41DB794B1A5D444469ABA /* LLMCoachEngine.swift */ = {isa = PBXFileReference; lastKnownFileType = sourcecode.swift; path = LLMCoachEngine.swift; sourceTree = "<group>"; };
		A15D3574F6CC0AFB237C97BF /* ContentLoaderTests.swift */ = {isa = PBXFileReference; lastKnownFileType = sourcecode.swift; path = ContentLoaderTests.swift; sourceTree = "<group>"; };
		A1EB255DC2E984F11DCCE107 /* ProgressTracker.swift */ = {isa = PBXFileReference; lastKnownFileType = sourcecode.swift; path = ProgressTracker.swift; sourceTree = "<group>"; };
		A25CA6AA872B33ADCAEE960F /* Info.plist */ = {isa = PBXFileReference; lastKnownFileType = text.plist; path = Info.plist; sourceTree = "<group>"; };
		A6088348CF9E9FD33BC01B7B /* LLMService.swift */ = {isa = PBXFileReference; lastKnownFileType = sourcecode.swift; path = LLMService.swift; sourceTree = "<group>"; };
		A87A8391C732B7A492A6E8FF /* ChessCoachEngine.framework */ = {isa = PBXFileReference; explicitFileType = wrapper.framework; includeInIndex = 0; path = ChessCoachEngine.framework; sourceTree = BUILT_PRODUCTS_DIR; };
		A982F60DEC3252181E9688BF /* ChessCoachCoachTests.xctest */ = {isa = PBXFileReference; includeInIndex = 0; lastKnownFileType = wrapper.cfbundle; path = ChessCoachCoachTests.xctest; sourceTree = BUILT_PRODUCTS_DIR; };
		A9CE9C95248B42CFFC076E27 /* ChessCoachApp.app */ = {isa = PBXFileReference; includeInIndex = 0; lastKnownFileType = wrapper.application; path = ChessCoachApp.app; sourceTree = BUILT_PRODUCTS_DIR; };
		B30C36372C79B8BBEA5F617D /* AppViewModelTests.swift */ = {isa = PBXFileReference; lastKnownFileType = sourcecode.swift; path = AppViewModelTests.swift; sourceTree = "<group>"; };
		B8690C765E633CB2F81FFCBE /* InfrastructureTests.swift */ = {isa = PBXFileReference; lastKnownFileType = sourcecode.swift; path = InfrastructureTests.swift; sourceTree = "<group>"; };
		BDF798A042DC104101468FDB /* Move.swift */ = {isa = PBXFileReference; lastKnownFileType = sourcecode.swift; path = Move.swift; sourceTree = "<group>"; };
		BF1A3D753A5E71CAA4F56A0F /* Position.swift */ = {isa = PBXFileReference; lastKnownFileType = sourcecode.swift; path = Position.swift; sourceTree = "<group>"; };
		BFDEDCF9D866C18A00D254A1 /* ProgressView.swift */ = {isa = PBXFileReference; lastKnownFileType = sourcecode.swift; path = ProgressView.swift; sourceTree = "<group>"; };
		C6DD7376A25B0F1A12A9B3AF /* PieceTests.swift */ = {isa = PBXFileReference; lastKnownFileType = sourcecode.swift; path = PieceTests.swift; sourceTree = "<group>"; };
		CB077614566820ADE2D19280 /* ModelDownloadService.swift */ = {isa = PBXFileReference; lastKnownFileType = sourcecode.swift; path = ModelDownloadService.swift; sourceTree = "<group>"; };
		CD31710702840A956FACA611 /* ContentView.swift */ = {isa = PBXFileReference; lastKnownFileType = sourcecode.swift; path = ContentView.swift; sourceTree = "<group>"; };
		D0F0870853AC6D14CCD8FB73 /* CoachEngineTests.swift */ = {isa = PBXFileReference; lastKnownFileType = sourcecode.swift; path = CoachEngineTests.swift; sourceTree = "<group>"; };
		D1038220AFC4BEDAC6DE0180 /* Piece.swift */ = {isa = PBXFileReference; lastKnownFileType = sourcecode.swift; path = Piece.swift; sourceTree = "<group>"; };
		D31AEB5C48B7E7F2A09EACDD /* stockfish.wasm */ = {isa = PBXFileReference; path = stockfish.wasm; sourceTree = "<group>"; };
		D38DCCCC341931FC44BC1BD9 /* LessonDetailView.swift */ = {isa = PBXFileReference; lastKnownFileType = sourcecode.swift; path = LessonDetailView.swift; sourceTree = "<group>"; };
		D5250437B4FE13187F4AA89F /* Info.plist */ = {isa = PBXFileReference; lastKnownFileType = text.plist; path = Info.plist; sourceTree = "<group>"; };
		D72C0FBE6FBCD79D211F1D7C /* ChessCoachApp.swift */ = {isa = PBXFileReference; lastKnownFileType = sourcecode.swift; path = ChessCoachApp.swift; sourceTree = "<group>"; };
		D7480124179325FD6FA94F48 /* EngineInfrastructureTests.swift */ = {isa = PBXFileReference; lastKnownFileType = sourcecode.swift; path = EngineInfrastructureTests.swift; sourceTree = "<group>"; };
		D785ED667342AAB65EAD004E /* EnginePanelView.swift */ = {isa = PBXFileReference; lastKnownFileType = sourcecode.swift; path = EnginePanelView.swift; sourceTree = "<group>"; };
		D9D6957549329BADF4D33772 /* EngineLine.swift */ = {isa = PBXFileReference; lastKnownFileType = sourcecode.swift; path = EngineLine.swift; sourceTree = "<group>"; };
		DA9557281EB680D0F0CC4D35 /* ChessCoachSharedTests.xctest */ = {isa = PBXFileReference; includeInIndex = 0; lastKnownFileType = wrapper.cfbundle; path = ChessCoachSharedTests.xctest; sourceTree = BUILT_PRODUCTS_DIR; };
		DC0F795861814EE336FD9FB5 /* Info.plist */ = {isa = PBXFileReference; lastKnownFileType = text.plist; path = Info.plist; sourceTree = "<group>"; };
		DD2909EAFC5A311AA765A3EA /* PuzzleViewModel.swift */ = {isa = PBXFileReference; lastKnownFileType = sourcecode.swift; path = PuzzleViewModel.swift; sourceTree = "<group>"; };
		E4DD98A3E98C8A624C13F28E /* SwiftLlamaAdapter.swift */ = {isa = PBXFileReference; lastKnownFileType = sourcecode.swift; path = SwiftLlamaAdapter.swift; sourceTree = "<group>"; };
		E5AA508611DE7C1489147A17 /* LearnView.swift */ = {isa = PBXFileReference; lastKnownFileType = sourcecode.swift; path = LearnView.swift; sourceTree = "<group>"; };
		E5B7392DACDB7E74A52D4829 /* StockfishLoader.html */ = {isa = PBXFileReference; lastKnownFileType = text.html; path = StockfishLoader.html; sourceTree = "<group>"; };
		ECD3401035E0B54A578DCBA2 /* UCIParser.swift */ = {isa = PBXFileReference; lastKnownFileType = sourcecode.swift; path = UCIParser.swift; sourceTree = "<group>"; };
		ED25F71CBB05C2D7C581C892 /* UCIParserTests.swift */ = {isa = PBXFileReference; lastKnownFileType = sourcecode.swift; path = UCIParserTests.swift; sourceTree = "<group>"; };
		EFBF01B69A01829087EA76BD /* Models */ = {isa = PBXFileReference; lastKnownFileType = folder; name = Models; path = ChessCoachShared/Models; sourceTree = SOURCE_ROOT; };
		F14A0DB4A7C0F82ABDEDEF41 /* stockfish.js */ = {isa = PBXFileReference; lastKnownFileType = sourcecode.javascript; path = stockfish.js; sourceTree = "<group>"; };
		F834BE376D2740E5D8B41888 /* Assets.xcassets */ = {isa = PBXFileReference; lastKnownFileType = folder.assetcatalog; path = Assets.xcassets; sourceTree = "<group>"; };
		FDACC3730AE7325360BE41DA /* DatabaseManager.swift */ = {isa = PBXFileReference; lastKnownFileType = sourcecode.swift; path = DatabaseManager.swift; sourceTree = "<group>"; };
/* End PBXFileReference section */

/* Begin PBXFrameworksBuildPhase section */
		0DF3EAD1BE09E0D3568E2BAE /* Frameworks */ = {
			isa = PBXFrameworksBuildPhase;
			buildActionMask = 2147483647;
			files = (
				F3FEDAA1F9C38D516C97A46F /* ChessCoachShared.framework in Frameworks */,
				63426CB53ABB740E7F62386A /* ChessCoachEngine.framework in Frameworks */,
				20CB8840A5C707F04DB16BB4 /* ChessCoachCoach.framework in Frameworks */,
				CA0E0763D1CEC51FA872F64C /* SQLite in Frameworks */,
			);
			runOnlyForDeploymentPostprocessing = 0;
		};
		2EF58D5F6472B053F8AFF24D /* Frameworks */ = {
			isa = PBXFrameworksBuildPhase;
			buildActionMask = 2147483647;
			files = (
				F4CED1AFCF2B35A3E051AE62 /* ChessCoachShared.framework in Frameworks */,
			);
			runOnlyForDeploymentPostprocessing = 0;
		};
		5D5D1201E7584A1C0ADA2FA7 /* Frameworks */ = {
			isa = PBXFrameworksBuildPhase;
			buildActionMask = 2147483647;
			files = (
				CAF3C1C529A643EB693FFB5A /* ChessCoachShared.framework in Frameworks */,
				B2FDEBCA859B44067ABF0F89 /* SwiftLlama in Frameworks */,
			);
			runOnlyForDeploymentPostprocessing = 0;
		};
		7FC2CA82634A319A43552B50 /* Frameworks */ = {
			isa = PBXFrameworksBuildPhase;
			buildActionMask = 2147483647;
			files = (
				CB6804B718F04BC554F7DD91 /* ChessCoachShared.framework in Frameworks */,
				304A822D99E02DD01EE07E59 /* ChessCoachEngine.framework in Frameworks */,
				1A1326310924DDD3F42C1AF1 /* SQLite in Frameworks */,
			);
			runOnlyForDeploymentPostprocessing = 0;
		};
		9F52C3B6EA4208E8DC7C7B52 /* Frameworks */ = {
			isa = PBXFrameworksBuildPhase;
			buildActionMask = 2147483647;
			files = (
				A6C8FF9A626274AA8DF9FF43 /* ChessCoachEngine.framework in Frameworks */,
			);
			runOnlyForDeploymentPostprocessing = 0;
		};
		B6420997E86CD598B500821C /* Frameworks */ = {
			isa = PBXFrameworksBuildPhase;
			buildActionMask = 2147483647;
			files = (
				A28EE93839577DA38DA800E7 /* SQLite in Frameworks */,
			);
			runOnlyForDeploymentPostprocessing = 0;
		};
		E48ED90878ADED5A2D00CABB /* Frameworks */ = {
			isa = PBXFrameworksBuildPhase;
			buildActionMask = 2147483647;
			files = (
				4192B80C68532B04D198E08C /* ChessCoachCoach.framework in Frameworks */,
			);
			runOnlyForDeploymentPostprocessing = 0;
		};
/* End PBXFrameworksBuildPhase section */

/* Begin PBXGroup section */
		025529FFD81177D89C24EC78 /* ChessCoachCoach */ = {
			isa = PBXGroup;
			children = (
				90AFFED25F5AC0E733EBC27B /* CoachEngine.swift */,
				5D312F89AAFB585BC74506B7 /* CoachManager.swift */,
				29FCECDBA57F2C89C1EE6A98 /* ContentLoader.swift */,
				890B0BCD55FBEE5544AE7D49 /* Info.plist */,
				3C8EC63D6A1B6DA6BD98185E /* LessonLibrary.swift */,
				91B41DB794B1A5D444469ABA /* LLMCoachEngine.swift */,
				0938C823F22C246226233B92 /* OpeningBook.swift */,
				A1EB255DC2E984F11DCCE107 /* ProgressTracker.swift */,
				7141A78081CF3F8C1072F802 /* PuzzleEngine.swift */,
			);
			path = ChessCoachCoach;
			sourceTree = "<group>";
		};
		0C4257A3764303878AB14613 /* Board */ = {
			isa = PBXGroup;
			children = (
				1429CE764FDA01154525A997 /* ChessBoardView.swift */,
			);
			path = Board;
			sourceTree = "<group>";
		};
		11AC94CF52968AE85FBA40A3 = {
			isa = PBXGroup;
			children = (
				EFBF01B69A01829087EA76BD /* Models */,
				E7C334D238888E5B6B1328AC /* ChessCoachApp */,
				98EA6306B55BD85CE676287E /* ChessCoachAppTests */,
				025529FFD81177D89C24EC78 /* ChessCoachCoach */,
				5BB024AC24A7B291AFB100DA /* ChessCoachCoachTests */,
				CA0E27E3D1C269EFD42EEA8C /* ChessCoachEngine */,
				641336452B8B07C1BDF50C82 /* ChessCoachEngineTests */,
				59F3EEE488B3308443960000 /* ChessCoachShared */,
				9D7F7BE01247313712C10D50 /* ChessCoachSharedTests */,
				D38E907AD01F15FD1DF2CB08 /* Products */,
			);
			sourceTree = "<group>";
		};
		15D9CAFC27D5977A030C15CC /* Models */ = {
			isa = PBXGroup;
			children = (
				BDF798A042DC104101468FDB /* Move.swift */,
				D1038220AFC4BEDAC6DE0180 /* Piece.swift */,
				BF1A3D753A5E71CAA4F56A0F /* Position.swift */,
				7EE497B52C584992BA8FA4D3 /* Square.swift */,
				108C2B882209B81670076696 /* Theme.swift */,
			);
			path = Models;
			sourceTree = "<group>";
		};
		1B43DEB9CB3B6966BF57A332 /* Progress */ = {
			isa = PBXGroup;
			children = (
				BFDEDCF9D866C18A00D254A1 /* ProgressView.swift */,
			);
			path = Progress;
			sourceTree = "<group>";
		};
		2F30120AA7EF8DAD330D5FF1 /* Play */ = {
			isa = PBXGroup;
			children = (
				D785ED667342AAB65EAD004E /* EnginePanelView.swift */,
				3C3035E561DC9984E037751C /* PlayView.swift */,
			);
			path = Play;
			sourceTree = "<group>";
		};
		59F3EEE488B3308443960000 /* ChessCoachShared */ = {
			isa = PBXGroup;
			children = (
				DC0F795861814EE336FD9FB5 /* Info.plist */,
				7A8E6A677221BCDC57ABBD03 /* LocalInferenceConfig.swift */,
				CB077614566820ADE2D19280 /* ModelDownloadService.swift */,
				15D9CAFC27D5977A030C15CC /* Models */,
				FFF2D4C467F3D814F602E5C6 /* Persistence */,
			);
			path = ChessCoachShared;
			sourceTree = "<group>";
		};
		5BB024AC24A7B291AFB100DA /* ChessCoachCoachTests */ = {
			isa = PBXGroup;
			children = (
				D0F0870853AC6D14CCD8FB73 /* CoachEngineTests.swift */,
				056366A34E312C5A8B86FEDB /* CoachInfrastructureTests.swift */,
				A15D3574F6CC0AFB237C97BF /* ContentLoaderTests.swift */,
				8011809182156E4DFB3EB64F /* Info.plist */,
				5CBAC677FF69C9EC8B938795 /* OpeningBookTests.swift */,
				70FF1577C4FF0D22B9FD73CA /* PuzzleEngineTests.swift */,
			);
			path = ChessCoachCoachTests;
			sourceTree = "<group>";
		};
		641336452B8B07C1BDF50C82 /* ChessCoachEngineTests */ = {
			isa = PBXGroup;
			children = (
				D7480124179325FD6FA94F48 /* EngineInfrastructureTests.swift */,
				49E496E3EA75CF9190753BA4 /* EngineLineTests.swift */,
				5261570A8C3D37B349213208 /* Info.plist */,
				ED25F71CBB05C2D7C581C892 /* UCIParserTests.swift */,
			);
			path = ChessCoachEngineTests;
			sourceTree = "<group>";
		};
		66C511482B9850E9259F325C /* Coach */ = {
			isa = PBXGroup;
			children = (
				514E019DDA37BE1EEAB6A6B4 /* CoachView.swift */,
			);
			path = Coach;
			sourceTree = "<group>";
		};
		71946E202696746CFA0896E4 /* Puzzles */ = {
			isa = PBXGroup;
			children = (
				6C6AEA92C4EA9147B78E34C4 /* PuzzlesView.swift */,
			);
			path = Puzzles;
			sourceTree = "<group>";
		};
		8BDB28159A7E77E3DF0B980F /* Shared */ = {
			isa = PBXGroup;
			children = (
				692740E0A12666EAB133B8D7 /* Badges.swift */,
				6310C324F8A783AFB0AA86F9 /* EvaluationBar.swift */,
			);
			path = Shared;
			sourceTree = "<group>";
		};
		98EA6306B55BD85CE676287E /* ChessCoachAppTests */ = {
			isa = PBXGroup;
			children = (
				B30C36372C79B8BBEA5F617D /* AppViewModelTests.swift */,
				1852D588A5BBD052473B79F6 /* Info.plist */,
			);
			path = ChessCoachAppTests;
			sourceTree = "<group>";
		};
		9D7F7BE01247313712C10D50 /* ChessCoachSharedTests */ = {
			isa = PBXGroup;
			children = (
				A25CA6AA872B33ADCAEE960F /* Info.plist */,
				B8690C765E633CB2F81FFCBE /* InfrastructureTests.swift */,
				3D2CE4FBB6A4E6E272074909 /* MoveTests.swift */,
				C6DD7376A25B0F1A12A9B3AF /* PieceTests.swift */,
				822F4F70AA0108FB9B2B1B5E /* PositionTests.swift */,
				24A5FCBC63676A52DA38338C /* SquareTests.swift */,
			);
			path = ChessCoachSharedTests;
			sourceTree = "<group>";
		};
		A6DE2CC570136387C4A86890 /* Assets */ = {
			isa = PBXGroup;
			children = (
				F9D0CF311D019A2F43ADB140 /* stockfish */,
			);
			path = Assets;
			sourceTree = "<group>";
		};
		ABCFE8BD9418674B2EA0C1C1 /* Views */ = {
			isa = PBXGroup;
			children = (
				CD31710702840A956FACA611 /* ContentView.swift */,
				0C4257A3764303878AB14613 /* Board */,
				66C511482B9850E9259F325C /* Coach */,
				F91598C66118F400F2DF29DA /* Learn */,
				2F30120AA7EF8DAD330D5FF1 /* Play */,
				1B43DEB9CB3B6966BF57A332 /* Progress */,
				71946E202696746CFA0896E4 /* Puzzles */,
				8BDB28159A7E77E3DF0B980F /* Shared */,
			);
			path = Views;
			sourceTree = "<group>";
		};
		BD2C96102431E1E002EAF8BF /* ViewModels */ = {
			isa = PBXGroup;
			children = (
				2AA4B3D6CDC5E79B2DB23F99 /* LearnViewModel.swift */,
				413E1E29EE92BABCFA6744AF /* PlayViewModel.swift */,
				4560A53EE109A108AA642EFB /* ProgressViewModel.swift */,
				DD2909EAFC5A311AA765A3EA /* PuzzleViewModel.swift */,
			);
			path = ViewModels;
			sourceTree = "<group>";
		};
		CA0E27E3D1C269EFD42EEA8C /* ChessCoachEngine */ = {
			isa = PBXGroup;
			children = (
				86886C61EAFB7C0B04C5E8C8 /* ChessEngine.swift */,
				D9D6957549329BADF4D33772 /* EngineLine.swift */,
				D5250437B4FE13187F4AA89F /* Info.plist */,
				46CDA22479BE12A37BD905BC /* Lc0Adapter.swift */,
				A6088348CF9E9FD33BC01B7B /* LLMService.swift */,
				817C90211F9AAF28CE2582B0 /* StockfishAdapter.swift */,
				E4DD98A3E98C8A624C13F28E /* SwiftLlamaAdapter.swift */,
				ECD3401035E0B54A578DCBA2 /* UCIParser.swift */,
			);
			path = ChessCoachEngine;
			sourceTree = "<group>";
		};
		D38E907AD01F15FD1DF2CB08 /* Products */ = {
			isa = PBXGroup;
			children = (
				A9CE9C95248B42CFFC076E27 /* ChessCoachApp.app */,
				77CA69F06CBEB0BCEE3AF487 /* ChessCoachAppTests.xctest */,
				53B23FDEB110A87C0736FF9D /* ChessCoachCoach.framework */,
				A982F60DEC3252181E9688BF /* ChessCoachCoachTests.xctest */,
				A87A8391C732B7A492A6E8FF /* ChessCoachEngine.framework */,
				7A9893A96AE3631AADB9F9DC /* ChessCoachEngineTests.xctest */,
				1D726CC8D2430AA02152AD62 /* ChessCoachShared.framework */,
				DA9557281EB680D0F0CC4D35 /* ChessCoachSharedTests.xctest */,
			);
			name = Products;
			sourceTree = "<group>";
		};
		D8B283DDBD81E07B16C0F959 /* App */ = {
			isa = PBXGroup;
			children = (
				D72C0FBE6FBCD79D211F1D7C /* ChessCoachApp.swift */,
			);
			path = App;
			sourceTree = "<group>";
		};
		E7C334D238888E5B6B1328AC /* ChessCoachApp */ = {
			isa = PBXGroup;
			children = (
				F834BE376D2740E5D8B41888 /* Assets.xcassets */,
				37891DB26DFBF4F34BD25F98 /* Info.plist */,
				E5B7392DACDB7E74A52D4829 /* StockfishLoader.html */,
				D8B283DDBD81E07B16C0F959 /* App */,
				A6DE2CC570136387C4A86890 /* Assets */,
				BD2C96102431E1E002EAF8BF /* ViewModels */,
				ABCFE8BD9418674B2EA0C1C1 /* Views */,
			);
			path = ChessCoachApp;
			sourceTree = "<group>";
		};
		F91598C66118F400F2DF29DA /* Learn */ = {
			isa = PBXGroup;
			children = (
				E5AA508611DE7C1489147A17 /* LearnView.swift */,
				D38DCCCC341931FC44BC1BD9 /* LessonDetailView.swift */,
			);
			path = Learn;
			sourceTree = "<group>";
		};
		F9D0CF311D019A2F43ADB140 /* stockfish */ = {
			isa = PBXGroup;
			children = (
				F14A0DB4A7C0F82ABDEDEF41 /* stockfish.js */,
				D31AEB5C48B7E7F2A09EACDD /* stockfish.wasm */,
				3EBCC9A41A4DE3AB5272ADD9 /* stockfish.wasm.js */,
			);
			path = stockfish;
			sourceTree = "<group>";
		};
		FFF2D4C467F3D814F602E5C6 /* Persistence */ = {
			isa = PBXGroup;
			children = (
				FDACC3730AE7325360BE41DA /* DatabaseManager.swift */,
			);
			path = Persistence;
			sourceTree = "<group>";
		};
/* End PBXGroup section */

/* Begin PBXNativeTarget section */
		3A33EDEB511ACCE289320512 /* ChessCoachShared */ = {
			isa = PBXNativeTarget;
			buildConfigurationList = E60D69705894AFE53159C160 /* Build configuration list for PBXNativeTarget "ChessCoachShared" */;
			buildPhases = (
				5B1F60B59097376BC2E99E26 /* Sources */,
				B3ADE2D8AF356B4D5FFECF0E /* Resources */,
				B6420997E86CD598B500821C /* Frameworks */,
			);
			buildRules = (
			);
			dependencies = (
			);
			name = ChessCoachShared;
			packageProductDependencies = (
				04E0468034F5EEF4EF7E9A47 /* SQLite */,
			);
			productName = ChessCoachShared;
			productReference = 1D726CC8D2430AA02152AD62 /* ChessCoachShared.framework */;
			productType = "com.apple.product-type.framework";
		};
		48EF9B646ED4E58C89219C8F /* ChessCoachSharedTests */ = {
			isa = PBXNativeTarget;
			buildConfigurationList = CAE448859626CA95D131A5E1 /* Build configuration list for PBXNativeTarget "ChessCoachSharedTests" */;
			buildPhases = (
				237F449D18187ED500513D37 /* Sources */,
				2EF58D5F6472B053F8AFF24D /* Frameworks */,
				818F2DE9699BC7CD9343A2D2 /* Embed Frameworks */,
			);
			buildRules = (
			);
			dependencies = (
				F6A998CCAFE4CCCF21F203A0 /* PBXTargetDependency */,
			);
			name = ChessCoachSharedTests;
			packageProductDependencies = (
			);
			productName = ChessCoachSharedTests;
			productReference = DA9557281EB680D0F0CC4D35 /* ChessCoachSharedTests.xctest */;
			productType = "com.apple.product-type.bundle.unit-test";
		};
		6EA6B028AC9103010B54C6BB /* ChessCoachAppTests */ = {
			isa = PBXNativeTarget;
			buildConfigurationList = 236DFA4B157D9F7C3E06BC2B /* Build configuration list for PBXNativeTarget "ChessCoachAppTests" */;
			buildPhases = (
				31F2292656FC381F065E182F /* Sources */,
			);
			buildRules = (
			);
			dependencies = (
				F7098E26E72D28159D070929 /* PBXTargetDependency */,
			);
			name = ChessCoachAppTests;
			packageProductDependencies = (
			);
			productName = ChessCoachAppTests;
			productReference = 77CA69F06CBEB0BCEE3AF487 /* ChessCoachAppTests.xctest */;
			productType = "com.apple.product-type.bundle.unit-test";
		};
		7C2C15DDF52CF086580BBC96 /* ChessCoachEngine */ = {
			isa = PBXNativeTarget;
			buildConfigurationList = 6D08D860F3F1C5EE7289D5B2 /* Build configuration list for PBXNativeTarget "ChessCoachEngine" */;
			buildPhases = (
				C7B38BA83D7235327A922DF8 /* Sources */,
				5D5D1201E7584A1C0ADA2FA7 /* Frameworks */,
			);
			buildRules = (
			);
			dependencies = (
				4B9AE0AF514D2BDAF0DF74B7 /* PBXTargetDependency */,
			);
			name = ChessCoachEngine;
			packageProductDependencies = (
				76B8912AD39CE7A5CCF48E3C /* SwiftLlama */,
			);
			productName = ChessCoachEngine;
			productReference = A87A8391C732B7A492A6E8FF /* ChessCoachEngine.framework */;
			productType = "com.apple.product-type.framework";
		};
		978F0CBF059DCF13F5E18FC7 /* ChessCoachCoachTests */ = {
			isa = PBXNativeTarget;
			buildConfigurationList = 1DB8CFA3C2FB548083726A3C /* Build configuration list for PBXNativeTarget "ChessCoachCoachTests" */;
			buildPhases = (
				E0C5215FD0AE29F1FD52219D /* Sources */,
				E48ED90878ADED5A2D00CABB /* Frameworks */,
				1924D20832209F7EFF8B2C6E /* Embed Frameworks */,
			);
			buildRules = (
			);
			dependencies = (
				52E9107116F4C12DD1F308AA /* PBXTargetDependency */,
			);
			name = ChessCoachCoachTests;
			packageProductDependencies = (
			);
			productName = ChessCoachCoachTests;
			productReference = A982F60DEC3252181E9688BF /* ChessCoachCoachTests.xctest */;
			productType = "com.apple.product-type.bundle.unit-test";
		};
		A7608D49E465315B0EF281A0 /* ChessCoachApp */ = {
			isa = PBXNativeTarget;
			buildConfigurationList = 99FB741A5BAA07E283DFBCFC /* Build configuration list for PBXNativeTarget "ChessCoachApp" */;
			buildPhases = (
				DE2B1D87510A2CD4E8C85A50 /* Sources */,
				3C3ED292B59A4BC27553B9AB /* Resources */,
				0DF3EAD1BE09E0D3568E2BAE /* Frameworks */,
				B980D37CB7EC44D31FC8019E /* Embed Frameworks */,
			);
			buildRules = (
			);
			dependencies = (
				9C83CD825193CCA9A757402C /* PBXTargetDependency */,
				FFBBCB5952320989CA17FBAE /* PBXTargetDependency */,
				C9B57B487FA2BF0EE800D1D8 /* PBXTargetDependency */,
			);
			name = ChessCoachApp;
			packageProductDependencies = (
				CA64224D6433A300221DD88F /* SQLite */,
			);
			productName = ChessCoachApp;
			productReference = A9CE9C95248B42CFFC076E27 /* ChessCoachApp.app */;
			productType = "com.apple.product-type.application";
		};
		D07148BFD2018CF24865BAC9 /* ChessCoachEngineTests */ = {
			isa = PBXNativeTarget;
			buildConfigurationList = B00BA90334C861E5945E1961 /* Build configuration list for PBXNativeTarget "ChessCoachEngineTests" */;
			buildPhases = (
				28B12D923DA23899ECA0A953 /* Sources */,
				9F52C3B6EA4208E8DC7C7B52 /* Frameworks */,
				C35A9E21370A5AD734BB6B77 /* Embed Frameworks */,
			);
			buildRules = (
			);
			dependencies = (
				A74F44DDF1BA0C4EBEBA1658 /* PBXTargetDependency */,
			);
			name = ChessCoachEngineTests;
			packageProductDependencies = (
			);
			productName = ChessCoachEngineTests;
			productReference = 7A9893A96AE3631AADB9F9DC /* ChessCoachEngineTests.xctest */;
			productType = "com.apple.product-type.bundle.unit-test";
		};
		F67D1867731DB46A55D59B89 /* ChessCoachCoach */ = {
			isa = PBXNativeTarget;
			buildConfigurationList = 3B14DFEE6134D0C0FF7D25D4 /* Build configuration list for PBXNativeTarget "ChessCoachCoach" */;
			buildPhases = (
				EE8F3A812BFBA197C183EAAA /* Sources */,
				7FC2CA82634A319A43552B50 /* Frameworks */,
			);
			buildRules = (
			);
			dependencies = (
				145DFCD2361DC0F15DEC8483 /* PBXTargetDependency */,
				7E40720FB301CF5FDE77C037 /* PBXTargetDependency */,
			);
			name = ChessCoachCoach;
			packageProductDependencies = (
				F6BDEF6A43BECEF8B3AF073D /* SQLite */,
			);
			productName = ChessCoachCoach;
			productReference = 53B23FDEB110A87C0736FF9D /* ChessCoachCoach.framework */;
			productType = "com.apple.product-type.framework";
		};
/* End PBXNativeTarget section */

/* Begin PBXProject section */
		124564DE0AA899BA2835163C /* Project object */ = {
			isa = PBXProject;
			attributes = {
				BuildIndependentTargetsInParallel = YES;
				LastUpgradeCheck = 1600;
				TargetAttributes = {
				};
			};
			buildConfigurationList = 792EEF84F0934B699A35FA1F /* Build configuration list for PBXProject "ChessCoach" */;
			developmentRegion = en;
			hasScannedForEncodings = 0;
			knownRegions = (
				Base,
				en,
			);
			mainGroup = 11AC94CF52968AE85FBA40A3;
			minimizedProjectReferenceProxies = 1;
			packageReferences = (
				87D9B1A6A47DC3BF9C3FBD92 /* XCRemoteSwiftPackageReference "SQLite.swift" */,
				A024C64DEDE185C06596EDA1 /* XCRemoteSwiftPackageReference "swift-llama-cpp" */,
			);
			preferredProjectObjectVersion = 77;
			productRefGroup = D38E907AD01F15FD1DF2CB08 /* Products */;
			projectDirPath = "";
			projectRoot = "";
			targets = (
				A7608D49E465315B0EF281A0 /* ChessCoachApp */,
				6EA6B028AC9103010B54C6BB /* ChessCoachAppTests */,
				F67D1867731DB46A55D59B89 /* ChessCoachCoach */,
				978F0CBF059DCF13F5E18FC7 /* ChessCoachCoachTests */,
				7C2C15DDF52CF086580BBC96 /* ChessCoachEngine */,
				D07148BFD2018CF24865BAC9 /* ChessCoachEngineTests */,
				3A33EDEB511ACCE289320512 /* ChessCoachShared */,
				48EF9B646ED4E58C89219C8F /* ChessCoachSharedTests */,
			);
		};
/* End PBXProject section */

/* Begin PBXResourcesBuildPhase section */
		3C3ED292B59A4BC27553B9AB /* Resources */ = {
			isa = PBXResourcesBuildPhase;
			buildActionMask = 2147483647;
			files = (
				AF47A7CE5B1B38BCC744B537 /* Assets.xcassets in Resources */,
				677558C703CE07196CEB2F0E /* StockfishLoader.html in Resources */,
				761889E722DC286EBFB36B22 /* stockfish.js in Resources */,
				570CDA6F2A735B12EBC663FE /* stockfish.wasm in Resources */,
				95D90B98E105E993E76F43E8 /* stockfish.wasm.js in Resources */,
			);
			runOnlyForDeploymentPostprocessing = 0;
		};
		B3ADE2D8AF356B4D5FFECF0E /* Resources */ = {
			isa = PBXResourcesBuildPhase;
			buildActionMask = 2147483647;
			files = (
				BB39ACAC6AF8102D4F708B35 /* Models in Resources */,
			);
			runOnlyForDeploymentPostprocessing = 0;
		};
/* End PBXResourcesBuildPhase section */

/* Begin PBXSourcesBuildPhase section */
		237F449D18187ED500513D37 /* Sources */ = {
			isa = PBXSourcesBuildPhase;
			buildActionMask = 2147483647;
			files = (
				D7524EF21F9B26EA830754A3 /* InfrastructureTests.swift in Sources */,
				85A298B831CCAADF6B90675D /* MoveTests.swift in Sources */,
				3DBFD7E82550BBFEC4DE2B2E /* PieceTests.swift in Sources */,
				CBA60800BAEF59E5818709EC /* PositionTests.swift in Sources */,
				7A79620831D5A599C8A20608 /* SquareTests.swift in Sources */,
			);
			runOnlyForDeploymentPostprocessing = 0;
		};
		28B12D923DA23899ECA0A953 /* Sources */ = {
			isa = PBXSourcesBuildPhase;
			buildActionMask = 2147483647;
			files = (
				FDFF1547FB9DF45CB24F5978 /* EngineInfrastructureTests.swift in Sources */,
				D2DC1FF3F33DFE67798B9AD5 /* EngineLineTests.swift in Sources */,
				EDF564824667C0396D749F8F /* UCIParserTests.swift in Sources */,
			);
			runOnlyForDeploymentPostprocessing = 0;
		};
		31F2292656FC381F065E182F /* Sources */ = {
			isa = PBXSourcesBuildPhase;
			buildActionMask = 2147483647;
			files = (
				4D019F540504FBBABC4C2D6B /* AppViewModelTests.swift in Sources */,
			);
			runOnlyForDeploymentPostprocessing = 0;
		};
		5B1F60B59097376BC2E99E26 /* Sources */ = {
			isa = PBXSourcesBuildPhase;
			buildActionMask = 2147483647;
			files = (
				1F47608CF885EE01A481648B /* DatabaseManager.swift in Sources */,
				379060F397FB4A1C482BA19A /* LocalInferenceConfig.swift in Sources */,
				DF5BDC640FA15C21B251EB8E /* ModelDownloadService.swift in Sources */,
				6CC7CE2853B579EAAD6484A4 /* Move.swift in Sources */,
				3C83A8765D6B19C0592006D5 /* Piece.swift in Sources */,
				EE80157B17B5CD87EAD4A327 /* Position.swift in Sources */,
				8F031C9A043BC59DE41DD2A8 /* Square.swift in Sources */,
				2B98CDAA2257C8CB37C8310B /* Theme.swift in Sources */,
			);
			runOnlyForDeploymentPostprocessing = 0;
		};
		C7B38BA83D7235327A922DF8 /* Sources */ = {
			isa = PBXSourcesBuildPhase;
			buildActionMask = 2147483647;
			files = (
				091F8784B5D47CFD06508B27 /* ChessEngine.swift in Sources */,
				294EB8FF7C0DEB84C3877083 /* EngineLine.swift in Sources */,
				0D6DE5780EAF887F17B37E53 /* LLMService.swift in Sources */,
				32323CED7552F0A7139FC1CE /* Lc0Adapter.swift in Sources */,
				4DAED6FBF46F83565DB9C2C9 /* StockfishAdapter.swift in Sources */,
				25DAEDFA5AAE3E9AB1D9538D /* SwiftLlamaAdapter.swift in Sources */,
				31A912084662392C71452778 /* UCIParser.swift in Sources */,
			);
			runOnlyForDeploymentPostprocessing = 0;
		};
		DE2B1D87510A2CD4E8C85A50 /* Sources */ = {
			isa = PBXSourcesBuildPhase;
			buildActionMask = 2147483647;
			files = (
				A219EB1BAC6351BBCA7A09E8 /* Badges.swift in Sources */,
				72912E2EF7C46BED181DD70B /* ChessBoardView.swift in Sources */,
				A9D4CE316DC3F01FD04B5E57 /* ChessCoachApp.swift in Sources */,
				AF0BD32AFB447FFA159CCB4C /* CoachView.swift in Sources */,
				A658710BEB1663CDC17FFCA7 /* ContentView.swift in Sources */,
				1EFD353A8770B1D70B70ED6B /* EnginePanelView.swift in Sources */,
				3444DDB283BF7D77E0C90205 /* EvaluationBar.swift in Sources */,
				D32B8BD8D87364B8A2351828 /* LearnView.swift in Sources */,
				52F473EE6CEAE29B2F89639A /* LearnViewModel.swift in Sources */,
				E0FDB0F71DF8A9EAF9624D30 /* LessonDetailView.swift in Sources */,
				01873EF58507F0DB8D94A2A2 /* PlayView.swift in Sources */,
				60C53C0A0BB8A250F11785B2 /* PlayViewModel.swift in Sources */,
				7CD8D15DD9732F4521CE4A2C /* ProgressView.swift in Sources */,
				2813FCA2341CE2F155E916CB /* ProgressViewModel.swift in Sources */,
				CAF15441ACEF04FEEA8ACCF8 /* PuzzleViewModel.swift in Sources */,
				C0DC6EB90F16894048AAB100 /* PuzzlesView.swift in Sources */,
			);
			runOnlyForDeploymentPostprocessing = 0;
		};
		E0C5215FD0AE29F1FD52219D /* Sources */ = {
			isa = PBXSourcesBuildPhase;
			buildActionMask = 2147483647;
			files = (
				92C2B91D06BFDAB549609A86 /* CoachEngineTests.swift in Sources */,
				4E79CF75D06994EEDA9A0FA3 /* CoachInfrastructureTests.swift in Sources */,
				7FFBB587194050AA9E753A95 /* ContentLoaderTests.swift in Sources */,
				6C7B3A7BDC0979541A41C5C6 /* OpeningBookTests.swift in Sources */,
				D9749DE504C074FC85C2DA1B /* PuzzleEngineTests.swift in Sources */,
			);
			runOnlyForDeploymentPostprocessing = 0;
		};
		EE8F3A812BFBA197C183EAAA /* Sources */ = {
			isa = PBXSourcesBuildPhase;
			buildActionMask = 2147483647;
			files = (
				1ADEC01388A95D8DBAF78A84 /* CoachEngine.swift in Sources */,
				2DA174DAD39DC8B3AB15543E /* CoachManager.swift in Sources */,
				D70A277359D05CD8E2ABEABF /* ContentLoader.swift in Sources */,
				4173ED4C8BA070C3E1A2DA5C /* LLMCoachEngine.swift in Sources */,
				69B20FCD5A498FD42773AEFC /* LessonLibrary.swift in Sources */,
				AD7672CF58B4DCFC21391F4F /* OpeningBook.swift in Sources */,
				B54AC2C6EA1FF3D11E00CB6E /* ProgressTracker.swift in Sources */,
				11C8BA37411EC9D8235F56D0 /* PuzzleEngine.swift in Sources */,
			);
			runOnlyForDeploymentPostprocessing = 0;
		};
/* End PBXSourcesBuildPhase section */

/* Begin PBXTargetDependency section */
		145DFCD2361DC0F15DEC8483 /* PBXTargetDependency */ = {
			isa = PBXTargetDependency;
			target = 3A33EDEB511ACCE289320512 /* ChessCoachShared */;
			targetProxy = E6D000C187C82DF084E1BC83 /* PBXContainerItemProxy */;
		};
		4B9AE0AF514D2BDAF0DF74B7 /* PBXTargetDependency */ = {
			isa = PBXTargetDependency;
			target = 3A33EDEB511ACCE289320512 /* ChessCoachShared */;
			targetProxy = F91B6BB8D8BCCBA8E2BA9FE7 /* PBXContainerItemProxy */;
		};
		52E9107116F4C12DD1F308AA /* PBXTargetDependency */ = {
			isa = PBXTargetDependency;
			target = F67D1867731DB46A55D59B89 /* ChessCoachCoach */;
			targetProxy = D41CF0B3211328FA960561DC /* PBXContainerItemProxy */;
		};
		7E40720FB301CF5FDE77C037 /* PBXTargetDependency */ = {
			isa = PBXTargetDependency;
			target = 7C2C15DDF52CF086580BBC96 /* ChessCoachEngine */;
			targetProxy = CEE06BF00F88C9376A776EC5 /* PBXContainerItemProxy */;
		};
		9C83CD825193CCA9A757402C /* PBXTargetDependency */ = {
			isa = PBXTargetDependency;
			target = 3A33EDEB511ACCE289320512 /* ChessCoachShared */;
			targetProxy = 8C5D6D42867B70DC96A89818 /* PBXContainerItemProxy */;
		};
		A74F44DDF1BA0C4EBEBA1658 /* PBXTargetDependency */ = {
			isa = PBXTargetDependency;
			target = 7C2C15DDF52CF086580BBC96 /* ChessCoachEngine */;
			targetProxy = 02799830E2A7CB0C2F687D8F /* PBXContainerItemProxy */;
		};
		C9B57B487FA2BF0EE800D1D8 /* PBXTargetDependency */ = {
			isa = PBXTargetDependency;
			target = F67D1867731DB46A55D59B89 /* ChessCoachCoach */;
			targetProxy = F618264AA6E676B571F8C3D9 /* PBXContainerItemProxy */;
		};
		F6A998CCAFE4CCCF21F203A0 /* PBXTargetDependency */ = {
			isa = PBXTargetDependency;
			target = 3A33EDEB511ACCE289320512 /* ChessCoachShared */;
			targetProxy = 70154CABA02E3368F4CD9F1A /* PBXContainerItemProxy */;
		};
		F7098E26E72D28159D070929 /* PBXTargetDependency */ = {
			isa = PBXTargetDependency;
			target = A7608D49E465315B0EF281A0 /* ChessCoachApp */;
			targetProxy = 41F317D9806B3A5FF908EB10 /* PBXContainerItemProxy */;
		};
		FFBBCB5952320989CA17FBAE /* PBXTargetDependency */ = {
			isa = PBXTargetDependency;
			target = 7C2C15DDF52CF086580BBC96 /* ChessCoachEngine */;
			targetProxy = F554678DFF9E9493DBFF1CC5 /* PBXContainerItemProxy */;
		};
/* End PBXTargetDependency section */

/* Begin XCBuildConfiguration section */
		2101E25F555510C7063208FD /* Debug */ = {
			isa = XCBuildConfiguration;
			buildSettings = {
				APPLICATION_EXTENSION_API_ONLY = YES;
				CODE_SIGN_IDENTITY = "";
				CURRENT_PROJECT_VERSION = 1;
				DEFINES_MODULE = YES;
				DYLIB_COMPATIBILITY_VERSION = 1;
				DYLIB_CURRENT_VERSION = 1;
				DYLIB_INSTALL_NAME_BASE = "@rpath";
				INFOPLIST_FILE = ChessCoachShared/Info.plist;
				INSTALL_PATH = "$(LOCAL_LIBRARY_DIR)/Frameworks";
				LD_RUNPATH_SEARCH_PATHS = (
					"$(inherited)",
					"@executable_path/Frameworks",
				);
				PRODUCT_BUNDLE_IDENTIFIER = com.chesscoach.shared;
				SDKROOT = iphoneos;
				SKIP_INSTALL = YES;
				TARGETED_DEVICE_FAMILY = "1,2";
				VERSIONING_SYSTEM = "apple-generic";
			};
			name = Debug;
		};
		23C905A4466C06DD3D9754F1 /* Release */ = {
			isa = XCBuildConfiguration;
			buildSettings = {
				CODE_SIGN_IDENTITY = "";
				CURRENT_PROJECT_VERSION = 1;
				DEFINES_MODULE = YES;
				DYLIB_COMPATIBILITY_VERSION = 1;
				DYLIB_CURRENT_VERSION = 1;
				DYLIB_INSTALL_NAME_BASE = "@rpath";
				INFOPLIST_FILE = ChessCoachEngine/Info.plist;
				INSTALL_PATH = "$(LOCAL_LIBRARY_DIR)/Frameworks";
				LD_RUNPATH_SEARCH_PATHS = (
					"$(inherited)",
					"@executable_path/Frameworks",
				);
				PRODUCT_BUNDLE_IDENTIFIER = com.chesscoach.engine;
				SDKROOT = iphoneos;
				SKIP_INSTALL = YES;
				TARGETED_DEVICE_FAMILY = "1,2";
				VERSIONING_SYSTEM = "apple-generic";
			};
			name = Release;
		};
		4565B4F345B8615FA3F20975 /* Debug */ = {
			isa = XCBuildConfiguration;
			buildSettings = {
				ALWAYS_SEARCH_USER_PATHS = NO;
				CLANG_ANALYZER_NONNULL = YES;
				CLANG_ANALYZER_NUMBER_OBJECT_CONVERSION = YES_AGGRESSIVE;
				CLANG_CXX_LANGUAGE_STANDARD = "gnu++14";
				CLANG_CXX_LIBRARY = "libc++";
				CLANG_ENABLE_MODULES = YES;
				CLANG_ENABLE_OBJC_ARC = YES;
				CLANG_ENABLE_OBJC_WEAK = YES;
				CLANG_WARN_BLOCK_CAPTURE_AUTORELEASING = YES;
				CLANG_WARN_BOOL_CONVERSION = YES;
				CLANG_WARN_COMMA = YES;
				CLANG_WARN_CONSTANT_CONVERSION = YES;
				CLANG_WARN_DEPRECATED_OBJC_IMPLEMENTATIONS = YES;
				CLANG_WARN_DIRECT_OBJC_ISA_USAGE = YES_ERROR;
				CLANG_WARN_DOCUMENTATION_COMMENTS = YES;
				CLANG_WARN_EMPTY_BODY = YES;
				CLANG_WARN_ENUM_CONVERSION = YES;
				CLANG_WARN_INFINITE_RECURSION = YES;
				CLANG_WARN_INT_CONVERSION = YES;
				CLANG_WARN_NON_LITERAL_NULL_CONVERSION = YES;
				CLANG_WARN_OBJC_IMPLICIT_RETAIN_SELF = YES;
				CLANG_WARN_OBJC_LITERAL_CONVERSION = YES;
				CLANG_WARN_OBJC_ROOT_CLASS = YES_ERROR;
				CLANG_WARN_QUOTED_INCLUDE_IN_FRAMEWORK_HEADER = YES;
				CLANG_WARN_RANGE_LOOP_ANALYSIS = YES;
				CLANG_WARN_STRICT_PROTOTYPES = YES;
				CLANG_WARN_SUSPICIOUS_MOVE = YES;
				CLANG_WARN_UNGUARDED_AVAILABILITY = YES_AGGRESSIVE;
				CLANG_WARN_UNREACHABLE_CODE = YES;
				CLANG_WARN__DUPLICATE_METHOD_MATCH = YES;
				COPY_PHASE_STRIP = NO;
				DEBUG_INFORMATION_FORMAT = dwarf;
				ENABLE_STRICT_OBJC_MSGSEND = YES;
				ENABLE_TESTABILITY = YES;
				GCC_C_LANGUAGE_STANDARD = gnu11;
				GCC_DYNAMIC_NO_PIC = NO;
				GCC_NO_COMMON_BLOCKS = YES;
				GCC_OPTIMIZATION_LEVEL = 0;
				GCC_PREPROCESSOR_DEFINITIONS = (
					"$(inherited)",
					"DEBUG=1",
				);
				GCC_WARN_64_TO_32_BIT_CONVERSION = YES;
				GCC_WARN_ABOUT_RETURN_TYPE = YES_ERROR;
				GCC_WARN_UNDECLARED_SELECTOR = YES;
				GCC_WARN_UNINITIALIZED_AUTOS = YES_AGGRESSIVE;
				GCC_WARN_UNUSED_FUNCTION = YES;
				GCC_WARN_UNUSED_VARIABLE = YES;
				INFOPLIST_KEY_UILaunchScreen_Generation = YES;
				INFOPLIST_KEY_UISupportedInterfaceOrientations = UIInterfaceOrientationPortrait;
				INFOPLIST_KEY_UISupportedInterfaceOrientations_iPad = "UIInterfaceOrientationPortrait UIInterfaceOrientationPortraitUpsideDown UIInterfaceOrientationLandscapeLeft UIInterfaceOrientationLandscapeRight";
				IPHONEOS_DEPLOYMENT_TARGET = 17.0;
				MTL_ENABLE_DEBUG_INFO = INCLUDE_SOURCE;
				MTL_FAST_MATH = YES;
				ONLY_ACTIVE_ARCH = YES;
				PRODUCT_NAME = "$(TARGET_NAME)";
				SDKROOT = iphoneos;
				SWIFT_ACTIVE_COMPILATION_CONDITIONS = DEBUG;
				SWIFT_OPTIMIZATION_LEVEL = "-Onone";
				SWIFT_VERSION = 5.9;
				TARGETED_DEVICE_FAMILY = 1;
			};
			name = Debug;
		};
		6870D09D5EA3ACC5FADF0885 /* Debug */ = {
			isa = XCBuildConfiguration;
			buildSettings = {
				BUNDLE_LOADER = "$(TEST_HOST)";
				GENERATE_INFOPLIST_FILE = YES;
				INFOPLIST_FILE = ChessCoachEngineTests/Info.plist;
				LD_RUNPATH_SEARCH_PATHS = (
					"$(inherited)",
					"@executable_path/Frameworks",
					"@loader_path/Frameworks",
				);
				PRODUCT_BUNDLE_IDENTIFIER = com.chesscoach.engine.tests;
				SDKROOT = iphoneos;
				TARGETED_DEVICE_FAMILY = "1,2";
				TESTED_PRODUCT_NAME = ChessCoachEngine;
			};
			name = Debug;
		};
		7008210AC59086135902AC6C /* Debug */ = {
			isa = XCBuildConfiguration;
			buildSettings = {
				CODE_SIGN_IDENTITY = "";
				CURRENT_PROJECT_VERSION = 1;
				DEFINES_MODULE = YES;
				DYLIB_COMPATIBILITY_VERSION = 1;
				DYLIB_CURRENT_VERSION = 1;
				DYLIB_INSTALL_NAME_BASE = "@rpath";
				INFOPLIST_FILE = ChessCoachCoach/Info.plist;
				INSTALL_PATH = "$(LOCAL_LIBRARY_DIR)/Frameworks";
				LD_RUNPATH_SEARCH_PATHS = (
					"$(inherited)",
					"@executable_path/Frameworks",
				);
				PRODUCT_BUNDLE_IDENTIFIER = com.chesscoach.coach;
				SDKROOT = iphoneos;
				SKIP_INSTALL = YES;
				TARGETED_DEVICE_FAMILY = "1,2";
				VERSIONING_SYSTEM = "apple-generic";
			};
			name = Debug;
		};
		7CF7EF2493F831AACB99BDC2 /* Debug */ = {
			isa = XCBuildConfiguration;
			buildSettings = {
				BUNDLE_LOADER = "$(TEST_HOST)";
				GENERATE_INFOPLIST_FILE = YES;
				INFOPLIST_FILE = ChessCoachSharedTests/Info.plist;
				LD_RUNPATH_SEARCH_PATHS = (
					"$(inherited)",
					"@executable_path/Frameworks",
					"@loader_path/Frameworks",
				);
				PRODUCT_BUNDLE_IDENTIFIER = com.chesscoach.shared.tests;
				SDKROOT = iphoneos;
				TARGETED_DEVICE_FAMILY = "1,2";
				TESTED_PRODUCT_NAME = ChessCoachShared;
			};
			name = Debug;
		};
		8C209CF1F5FD01738EC2F0F6 /* Release */ = {
			isa = XCBuildConfiguration;
			buildSettings = {
				CODE_SIGN_IDENTITY = "";
				CURRENT_PROJECT_VERSION = 1;
				DEFINES_MODULE = YES;
				DYLIB_COMPATIBILITY_VERSION = 1;
				DYLIB_CURRENT_VERSION = 1;
				DYLIB_INSTALL_NAME_BASE = "@rpath";
				INFOPLIST_FILE = ChessCoachCoach/Info.plist;
				INSTALL_PATH = "$(LOCAL_LIBRARY_DIR)/Frameworks";
				LD_RUNPATH_SEARCH_PATHS = (
					"$(inherited)",
					"@executable_path/Frameworks",
				);
				PRODUCT_BUNDLE_IDENTIFIER = com.chesscoach.coach;
				SDKROOT = iphoneos;
				SKIP_INSTALL = YES;
				TARGETED_DEVICE_FAMILY = "1,2";
				VERSIONING_SYSTEM = "apple-generic";
			};
			name = Release;
		};
		A4CFB4219E27CD20129FEF08 /* Debug */ = {
			isa = XCBuildConfiguration;
			buildSettings = {
				CODE_SIGN_IDENTITY = "";
				CURRENT_PROJECT_VERSION = 1;
				DEFINES_MODULE = YES;
				DYLIB_COMPATIBILITY_VERSION = 1;
				DYLIB_CURRENT_VERSION = 1;
				DYLIB_INSTALL_NAME_BASE = "@rpath";
				INFOPLIST_FILE = ChessCoachEngine/Info.plist;
				INSTALL_PATH = "$(LOCAL_LIBRARY_DIR)/Frameworks";
				LD_RUNPATH_SEARCH_PATHS = (
					"$(inherited)",
					"@executable_path/Frameworks",
				);
				PRODUCT_BUNDLE_IDENTIFIER = com.chesscoach.engine;
				SDKROOT = iphoneos;
				SKIP_INSTALL = YES;
				TARGETED_DEVICE_FAMILY = "1,2";
				VERSIONING_SYSTEM = "apple-generic";
			};
			name = Debug;
		};
		AED0096C5ADEBA8A747E0893 /* Debug */ = {
			isa = XCBuildConfiguration;
			buildSettings = {
				ASSETCATALOG_COMPILER_APPICON_NAME = AppIcon;
				ASSETCATALOG_COMPILER_GLOBAL_ACCENT_COLOR_NAME = AccentColor;
				CODE_SIGN_IDENTITY = "iPhone Developer";
				INFOPLIST_FILE = ChessCoachApp/Info.plist;
				LD_RUNPATH_SEARCH_PATHS = (
					"$(inherited)",
					"@executable_path/Frameworks",
				);
				PRODUCT_BUNDLE_IDENTIFIER = com.chesscoach.app;
				SDKROOT = iphoneos;
				TARGETED_DEVICE_FAMILY = "1,2";
			};
			name = Debug;
		};
		B3470925DFDBF61C1A82A147 /* Debug */ = {
			isa = XCBuildConfiguration;
			buildSettings = {
				BUNDLE_LOADER = "$(TEST_HOST)";
				GENERATE_INFOPLIST_FILE = YES;
				INFOPLIST_FILE = ChessCoachCoachTests/Info.plist;
				LD_RUNPATH_SEARCH_PATHS = (
					"$(inherited)",
					"@executable_path/Frameworks",
					"@loader_path/Frameworks",
				);
				PRODUCT_BUNDLE_IDENTIFIER = com.chesscoach.coach.tests;
				SDKROOT = iphoneos;
				TARGETED_DEVICE_FAMILY = "1,2";
				TESTED_PRODUCT_NAME = ChessCoachCoach;
			};
			name = Debug;
		};
		CD85D8DEB4E1FBFED930211B /* Release */ = {
			isa = XCBuildConfiguration;
			buildSettings = {
				BUNDLE_LOADER = "$(TEST_HOST)";
				GENERATE_INFOPLIST_FILE = YES;
				INFOPLIST_FILE = ChessCoachEngineTests/Info.plist;
				LD_RUNPATH_SEARCH_PATHS = (
					"$(inherited)",
					"@executable_path/Frameworks",
					"@loader_path/Frameworks",
				);
				PRODUCT_BUNDLE_IDENTIFIER = com.chesscoach.engine.tests;
				SDKROOT = iphoneos;
				TARGETED_DEVICE_FAMILY = "1,2";
				TESTED_PRODUCT_NAME = ChessCoachEngine;
			};
			name = Release;
		};
		D7FA80D97D053C3B68F19546 /* Release */ = {
			isa = XCBuildConfiguration;
			buildSettings = {
				BUNDLE_LOADER = "$(TEST_HOST)";
				GENERATE_INFOPLIST_FILE = YES;
				INFOPLIST_FILE = ChessCoachAppTests/Info.plist;
				LD_RUNPATH_SEARCH_PATHS = (
					"$(inherited)",
					"@executable_path/Frameworks",
					"@loader_path/Frameworks",
				);
				PRODUCT_BUNDLE_IDENTIFIER = com.chesscoach.app.tests;
				SDKROOT = iphoneos;
				TARGETED_DEVICE_FAMILY = "1,2";
				TESTED_PRODUCT_NAME = ChessCoachApp;
				TEST_HOST = "$(BUILT_PRODUCTS_DIR)/ChessCoachApp.app/ChessCoachApp";
			};
			name = Release;
		};
		DAFD689016C0AA425F87450D /* Release */ = {
			isa = XCBuildConfiguration;
			buildSettings = {
				ALWAYS_SEARCH_USER_PATHS = NO;
				CLANG_ANALYZER_NONNULL = YES;
				CLANG_ANALYZER_NUMBER_OBJECT_CONVERSION = YES_AGGRESSIVE;
				CLANG_CXX_LANGUAGE_STANDARD = "gnu++14";
				CLANG_CXX_LIBRARY = "libc++";
				CLANG_ENABLE_MODULES = YES;
				CLANG_ENABLE_OBJC_ARC = YES;
				CLANG_ENABLE_OBJC_WEAK = YES;
				CLANG_WARN_BLOCK_CAPTURE_AUTORELEASING = YES;
				CLANG_WARN_BOOL_CONVERSION = YES;
				CLANG_WARN_COMMA = YES;
				CLANG_WARN_CONSTANT_CONVERSION = YES;
				CLANG_WARN_DEPRECATED_OBJC_IMPLEMENTATIONS = YES;
				CLANG_WARN_DIRECT_OBJC_ISA_USAGE = YES_ERROR;
				CLANG_WARN_DOCUMENTATION_COMMENTS = YES;
				CLANG_WARN_EMPTY_BODY = YES;
				CLANG_WARN_ENUM_CONVERSION = YES;
				CLANG_WARN_INFINITE_RECURSION = YES;
				CLANG_WARN_INT_CONVERSION = YES;
				CLANG_WARN_NON_LITERAL_NULL_CONVERSION = YES;
				CLANG_WARN_OBJC_IMPLICIT_RETAIN_SELF = YES;
				CLANG_WARN_OBJC_LITERAL_CONVERSION = YES;
				CLANG_WARN_OBJC_ROOT_CLASS = YES_ERROR;
				CLANG_WARN_QUOTED_INCLUDE_IN_FRAMEWORK_HEADER = YES;
				CLANG_WARN_RANGE_LOOP_ANALYSIS = YES;
				CLANG_WARN_STRICT_PROTOTYPES = YES;
				CLANG_WARN_SUSPICIOUS_MOVE = YES;
				CLANG_WARN_UNGUARDED_AVAILABILITY = YES_AGGRESSIVE;
				CLANG_WARN_UNREACHABLE_CODE = YES;
				CLANG_WARN__DUPLICATE_METHOD_MATCH = YES;
				COPY_PHASE_STRIP = NO;
				DEBUG_INFORMATION_FORMAT = "dwarf-with-dsym";
				ENABLE_NS_ASSERTIONS = NO;
				ENABLE_STRICT_OBJC_MSGSEND = YES;
				GCC_C_LANGUAGE_STANDARD = gnu11;
				GCC_NO_COMMON_BLOCKS = YES;
				GCC_WARN_64_TO_32_BIT_CONVERSION = YES;
				GCC_WARN_ABOUT_RETURN_TYPE = YES_ERROR;
				GCC_WARN_UNDECLARED_SELECTOR = YES;
				GCC_WARN_UNINITIALIZED_AUTOS = YES_AGGRESSIVE;
				GCC_WARN_UNUSED_FUNCTION = YES;
				GCC_WARN_UNUSED_VARIABLE = YES;
				INFOPLIST_KEY_UILaunchScreen_Generation = YES;
				INFOPLIST_KEY_UISupportedInterfaceOrientations = UIInterfaceOrientationPortrait;
				INFOPLIST_KEY_UISupportedInterfaceOrientations_iPad = "UIInterfaceOrientationPortrait UIInterfaceOrientationPortraitUpsideDown UIInterfaceOrientationLandscapeLeft UIInterfaceOrientationLandscapeRight";
				IPHONEOS_DEPLOYMENT_TARGET = 17.0;
				MTL_ENABLE_DEBUG_INFO = NO;
				MTL_FAST_MATH = YES;
				PRODUCT_NAME = "$(TARGET_NAME)";
				SDKROOT = iphoneos;
				SWIFT_COMPILATION_MODE = wholemodule;
				SWIFT_OPTIMIZATION_LEVEL = "-O";
				SWIFT_VERSION = 5.9;
				TARGETED_DEVICE_FAMILY = 1;
			};
			name = Release;
		};
		E2022B7EAC2AD98949E92153 /* Debug */ = {
			isa = XCBuildConfiguration;
			buildSettings = {
				BUNDLE_LOADER = "$(TEST_HOST)";
				GENERATE_INFOPLIST_FILE = YES;
				INFOPLIST_FILE = ChessCoachAppTests/Info.plist;
				LD_RUNPATH_SEARCH_PATHS = (
					"$(inherited)",
					"@executable_path/Frameworks",
					"@loader_path/Frameworks",
				);
				PRODUCT_BUNDLE_IDENTIFIER = com.chesscoach.app.tests;
				SDKROOT = iphoneos;
				TARGETED_DEVICE_FAMILY = "1,2";
				TESTED_PRODUCT_NAME = ChessCoachApp;
				TEST_HOST = "$(BUILT_PRODUCTS_DIR)/ChessCoachApp.app/ChessCoachApp";
			};
			name = Debug;
		};
		E8047DF9BE03418A36B9B421 /* Release */ = {
			isa = XCBuildConfiguration;
			buildSettings = {
				BUNDLE_LOADER = "$(TEST_HOST)";
				GENERATE_INFOPLIST_FILE = YES;
				INFOPLIST_FILE = ChessCoachSharedTests/Info.plist;
				LD_RUNPATH_SEARCH_PATHS = (
					"$(inherited)",
					"@executable_path/Frameworks",
					"@loader_path/Frameworks",
				);
				PRODUCT_BUNDLE_IDENTIFIER = com.chesscoach.shared.tests;
				SDKROOT = iphoneos;
				TARGETED_DEVICE_FAMILY = "1,2";
				TESTED_PRODUCT_NAME = ChessCoachShared;
			};
			name = Release;
		};
		EA6AF5FAA312E2C1004E2826 /* Release */ = {
			isa = XCBuildConfiguration;
			buildSettings = {
				ASSETCATALOG_COMPILER_APPICON_NAME = AppIcon;
				ASSETCATALOG_COMPILER_GLOBAL_ACCENT_COLOR_NAME = AccentColor;
				CODE_SIGN_IDENTITY = "iPhone Developer";
				INFOPLIST_FILE = ChessCoachApp/Info.plist;
				LD_RUNPATH_SEARCH_PATHS = (
					"$(inherited)",
					"@executable_path/Frameworks",
				);
				PRODUCT_BUNDLE_IDENTIFIER = com.chesscoach.app;
				SDKROOT = iphoneos;
				TARGETED_DEVICE_FAMILY = "1,2";
			};
			name = Release;
		};
		F325F054354CC4C488157853 /* Release */ = {
			isa = XCBuildConfiguration;
			buildSettings = {
				BUNDLE_LOADER = "$(TEST_HOST)";
				GENERATE_INFOPLIST_FILE = YES;
				INFOPLIST_FILE = ChessCoachCoachTests/Info.plist;
				LD_RUNPATH_SEARCH_PATHS = (
					"$(inherited)",
					"@executable_path/Frameworks",
					"@loader_path/Frameworks",
				);
				PRODUCT_BUNDLE_IDENTIFIER = com.chesscoach.coach.tests;
				SDKROOT = iphoneos;
				TARGETED_DEVICE_FAMILY = "1,2";
				TESTED_PRODUCT_NAME = ChessCoachCoach;
			};
			name = Release;
		};
		FDD16729D403436F757083C2 /* Release */ = {
			isa = XCBuildConfiguration;
			buildSettings = {
				APPLICATION_EXTENSION_API_ONLY = YES;
				CODE_SIGN_IDENTITY = "";
				CURRENT_PROJECT_VERSION = 1;
				DEFINES_MODULE = YES;
				DYLIB_COMPATIBILITY_VERSION = 1;
				DYLIB_CURRENT_VERSION = 1;
				DYLIB_INSTALL_NAME_BASE = "@rpath";
				INFOPLIST_FILE = ChessCoachShared/Info.plist;
				INSTALL_PATH = "$(LOCAL_LIBRARY_DIR)/Frameworks";
				LD_RUNPATH_SEARCH_PATHS = (
					"$(inherited)",
					"@executable_path/Frameworks",
				);
				PRODUCT_BUNDLE_IDENTIFIER = com.chesscoach.shared;
				SDKROOT = iphoneos;
				SKIP_INSTALL = YES;
				TARGETED_DEVICE_FAMILY = "1,2";
				VERSIONING_SYSTEM = "apple-generic";
			};
			name = Release;
		};
/* End XCBuildConfiguration section */

/* Begin XCConfigurationList section */
		1DB8CFA3C2FB548083726A3C /* Build configuration list for PBXNativeTarget "ChessCoachCoachTests" */ = {
			isa = XCConfigurationList;
			buildConfigurations = (
				B3470925DFDBF61C1A82A147 /* Debug */,
				F325F054354CC4C488157853 /* Release */,
			);
			defaultConfigurationIsVisible = 0;
			defaultConfigurationName = Debug;
		};
		236DFA4B157D9F7C3E06BC2B /* Build configuration list for PBXNativeTarget "ChessCoachAppTests" */ = {
			isa = XCConfigurationList;
			buildConfigurations = (
				E2022B7EAC2AD98949E92153 /* Debug */,
				D7FA80D97D053C3B68F19546 /* Release */,
			);
			defaultConfigurationIsVisible = 0;
			defaultConfigurationName = Debug;
		};
		3B14DFEE6134D0C0FF7D25D4 /* Build configuration list for PBXNativeTarget "ChessCoachCoach" */ = {
			isa = XCConfigurationList;
			buildConfigurations = (
				7008210AC59086135902AC6C /* Debug */,
				8C209CF1F5FD01738EC2F0F6 /* Release */,
			);
			defaultConfigurationIsVisible = 0;
			defaultConfigurationName = Debug;
		};
		6D08D860F3F1C5EE7289D5B2 /* Build configuration list for PBXNativeTarget "ChessCoachEngine" */ = {
			isa = XCConfigurationList;
			buildConfigurations = (
				A4CFB4219E27CD20129FEF08 /* Debug */,
				23C905A4466C06DD3D9754F1 /* Release */,
			);
			defaultConfigurationIsVisible = 0;
			defaultConfigurationName = Debug;
		};
		792EEF84F0934B699A35FA1F /* Build configuration list for PBXProject "ChessCoach" */ = {
			isa = XCConfigurationList;
			buildConfigurations = (
				4565B4F345B8615FA3F20975 /* Debug */,
				DAFD689016C0AA425F87450D /* Release */,
			);
			defaultConfigurationIsVisible = 0;
			defaultConfigurationName = Debug;
		};
		99FB741A5BAA07E283DFBCFC /* Build configuration list for PBXNativeTarget "ChessCoachApp" */ = {
			isa = XCConfigurationList;
			buildConfigurations = (
				AED0096C5ADEBA8A747E0893 /* Debug */,
				EA6AF5FAA312E2C1004E2826 /* Release */,
			);
			defaultConfigurationIsVisible = 0;
			defaultConfigurationName = Debug;
		};
		B00BA90334C861E5945E1961 /* Build configuration list for PBXNativeTarget "ChessCoachEngineTests" */ = {
			isa = XCConfigurationList;
			buildConfigurations = (
				6870D09D5EA3ACC5FADF0885 /* Debug */,
				CD85D8DEB4E1FBFED930211B /* Release */,
			);
			defaultConfigurationIsVisible = 0;
			defaultConfigurationName = Debug;
		};
		CAE448859626CA95D131A5E1 /* Build configuration list for PBXNativeTarget "ChessCoachSharedTests" */ = {
			isa = XCConfigurationList;
			buildConfigurations = (
				7CF7EF2493F831AACB99BDC2 /* Debug */,
				E8047DF9BE03418A36B9B421 /* Release */,
			);
			defaultConfigurationIsVisible = 0;
			defaultConfigurationName = Debug;
		};
		E60D69705894AFE53159C160 /* Build configuration list for PBXNativeTarget "ChessCoachShared" */ = {
			isa = XCConfigurationList;
			buildConfigurations = (
				2101E25F555510C7063208FD /* Debug */,
				FDD16729D403436F757083C2 /* Release */,
			);
			defaultConfigurationIsVisible = 0;
			defaultConfigurationName = Debug;
		};
/* End XCConfigurationList section */

/* Begin XCRemoteSwiftPackageReference section */
		87D9B1A6A47DC3BF9C3FBD92 /* XCRemoteSwiftPackageReference "SQLite.swift" */ = {
			isa = XCRemoteSwiftPackageReference;
			repositoryURL = "https://github.com/stephencelis/SQLite.swift";
			requirement = {
				kind = exactVersion;
				version = 0.15.0;
			};
		};
		A024C64DEDE185C06596EDA1 /* XCRemoteSwiftPackageReference "swift-llama-cpp" */ = {
			isa = XCRemoteSwiftPackageReference;
			repositoryURL = "https://github.com/pgorzelany/swift-llama-cpp";
			requirement = {
				kind = upToNextMajorVersion;
				minimumVersion = 1.0.0;
			};
		};
/* End XCRemoteSwiftPackageReference section */

/* Begin XCSwiftPackageProductDependency section */
		04E0468034F5EEF4EF7E9A47 /* SQLite */ = {
			isa = XCSwiftPackageProductDependency;
			package = 87D9B1A6A47DC3BF9C3FBD92 /* XCRemoteSwiftPackageReference "SQLite.swift" */;
			productName = SQLite;
		};
		76B8912AD39CE7A5CCF48E3C /* SwiftLlama */ = {
			isa = XCSwiftPackageProductDependency;
			package = A024C64DEDE185C06596EDA1 /* XCRemoteSwiftPackageReference "swift-llama-cpp" */;
			productName = SwiftLlama;
		};
		CA64224D6433A300221DD88F /* SQLite */ = {
			isa = XCSwiftPackageProductDependency;
			package = 87D9B1A6A47DC3BF9C3FBD92 /* XCRemoteSwiftPackageReference "SQLite.swift" */;
			productName = SQLite;
		};
		F6BDEF6A43BECEF8B3AF073D /* SQLite */ = {
			isa = XCSwiftPackageProductDependency;
			package = 87D9B1A6A47DC3BF9C3FBD92 /* XCRemoteSwiftPackageReference "SQLite.swift" */;
			productName = SQLite;
		};
/* End XCSwiftPackageProductDependency section */
	};
	rootObject = 124564DE0AA899BA2835163C /* Project object */;
}
