{
  "originHash" : "4a95e5d087b26c88b9125dca5b3eaa95a9f46df0837ae808d8f058f18c7a0123",
  "pins" : [
    {
      "identity" : "sqlite.swift",
      "kind" : "remoteSourceControl",
      "location" : "https://github.com/stephencelis/SQLite.swift",
      "state" : {
        "revision" : "e78ae0220e17525a15ac68c697a155eb7a672a8e",
        "version" : "0.15.0"
      }
    },
    {
      "identity" : "swift-llama-cpp",
      "kind" : "remoteSourceControl",
      "location" : "https://github.com/pgorzelany/swift-llama-cpp",
      "state" : {
        "revision" : "5496bc7c9820f04bba7268dc8a271235deae436d",
        "version" : "1.2.0"
      }
    }
  ],
  "version" : 3
}
